// !$*UTF8*$!
{
	archiveVersion = 1;
	classes = {
	};
	objectVersion = 56;
	objects = {

/* Begin PBXBuildFile section */
		E44364212C1648D90040D3A7 /* MusicPlayerApp.swift in Sources */ = {isa = PBXBuildFile; fileRef = E44364202C1648D90040D3A7 /* MusicPlayerApp.swift */; };
		E44364232C1648D90040D3A7 /* ContentView.swift in Sources */ = {isa = PBXBuildFile; fileRef = E44364222C1648D90040D3A7 /* ContentView.swift */; };
		E44364252C1648D90040D3A7 /* Item.swift in Sources */ = {isa = PBXBuildFile; fileRef = E44364242C1648D90040D3A7 /* Item.swift */; };
		E44364272C1648DB0040D3A7 /* Assets.xcassets in Resources */ = {isa = PBXBuildFile; fileRef = E44364262C1648DB0040D3A7 /* Assets.xcassets */; };
		E443642A2C1648DB0040D3A7 /* Preview Assets.xcassets in Resources */ = {isa = PBXBuildFile; fileRef = E44364292C1648DB0040D3A7 /* Preview Assets.xcassets */; };
		E44364342C1648DB0040D3A7 /* MusicPlayerTests.swift in Sources */ = {isa = PBXBuildFile; fileRef = E44364332C1648DB0040D3A7 /* MusicPlayerTests.swift */; };
		E443643E2C1648DB0040D3A7 /* MusicPlayerUITests.swift in Sources */ = {isa = PBXBuildFile; fileRef = E443643D2C1648DB0040D3A7 /* MusicPlayerUITests.swift */; };
		E44364402C1648DB0040D3A7 /* MusicPlayerUITestsLaunchTests.swift in Sources */ = {isa = PBXBuildFile; fileRef = E443643F2C1648DB0040D3A7 /* MusicPlayerUITestsLaunchTests.swift */; };
		E443644E2C1654230040D3A7 /* Store.swift in Sources */ = {isa = PBXBuildFile; fileRef = E443644D2C1654230040D3A7 /* Store.swift */; };
		E44364502C1654360040D3A7 /* State.swift in Sources */ = {isa = PBXBuildFile; fileRef = E443644F2C1654360040D3A7 /* State.swift */; };
		E44364522C1657C60040D3A7 /* Reducer.swift in Sources */ = {isa = PBXBuildFile; fileRef = E44364512C1657C60040D3A7 /* Reducer.swift */; };
		E44364542C1657DE0040D3A7 /* Middleware.swift in Sources */ = {isa = PBXBuildFile; fileRef = E44364532C1657DE0040D3A7 /* Middleware.swift */; };
		E44364562C1657EC0040D3A7 /* Action.swift in Sources */ = {isa = PBXBuildFile; fileRef = E44364552C1657EC0040D3A7 /* Action.swift */; };
		E443645E2C165AAB0040D3A7 /* NetworkingProtocol.swift in Sources */ = {isa = PBXBuildFile; fileRef = E443645D2C165AAA0040D3A7 /* NetworkingProtocol.swift */; };
		E44364632C165DF20040D3A7 /* MusicService.swift in Sources */ = {isa = PBXBuildFile; fileRef = E44364622C165DF20040D3A7 /* MusicService.swift */; };
		E443646C2C176BD80040D3A7 /* RapidSpotifyStrategy.swift in Sources */ = {isa = PBXBuildFile; fileRef = E443646B2C176BD80040D3A7 /* RapidSpotifyStrategy.swift */; };
		E44364702C1774020040D3A7 /* RapidSpotifyStrategy+Tracks.swift in Sources */ = {isa = PBXBuildFile; fileRef = E443646F2C1774020040D3A7 /* RapidSpotifyStrategy+Tracks.swift */; };
		E454B3682C1CAA6000AEFE9A /* APIKeyManager.swift in Sources */ = {isa = PBXBuildFile; fileRef = E454B3662C1CAA6000AEFE9A /* APIKeyManager.swift */; };
		E454B36D2C1DB40000AEFE9A /* WelcomeView.swift in Sources */ = {isa = PBXBuildFile; fileRef = E454B36C2C1DB40000AEFE9A /* WelcomeView.swift */; };
		E454B36F2C1DCE1D00AEFE9A /* AppImage.swift in Sources */ = {isa = PBXBuildFile; fileRef = E454B36E2C1DCE1D00AEFE9A /* AppImage.swift */; };
		E454B3712C1DCFE000AEFE9A /* AppColor.swift in Sources */ = {isa = PBXBuildFile; fileRef = E454B3702C1DCFE000AEFE9A /* AppColor.swift */; };
		E454B3732C1DD09E00AEFE9A /* UIColor+hex.swift in Sources */ = {isa = PBXBuildFile; fileRef = E454B3722C1DD09E00AEFE9A /* UIColor+hex.swift */; };
		E454B3752C1DD0C600AEFE9A /* Color+hex.swift in Sources */ = {isa = PBXBuildFile; fileRef = E454B3742C1DD0C600AEFE9A /* Color+hex.swift */; };
		E454B3772C1DDAAC00AEFE9A /* WelcomeViewReducer.swift in Sources */ = {isa = PBXBuildFile; fileRef = E454B3762C1DDAAC00AEFE9A /* WelcomeViewReducer.swift */; };
		E454B3792C1DDB0B00AEFE9A /* WelcomeViewState.swift in Sources */ = {isa = PBXBuildFile; fileRef = E454B3782C1DDB0B00AEFE9A /* WelcomeViewState.swift */; };
		E454B37B2C1DDB1300AEFE9A /* WelcomeViewAction.swift in Sources */ = {isa = PBXBuildFile; fileRef = E454B37A2C1DDB1300AEFE9A /* WelcomeViewAction.swift */; };
		E454B37D2C1DDB6F00AEFE9A /* RootState.swift in Sources */ = {isa = PBXBuildFile; fileRef = E454B37C2C1DDB6F00AEFE9A /* RootState.swift */; };
		E454B37F2C1DDD4400AEFE9A /* RootReducer.swift in Sources */ = {isa = PBXBuildFile; fileRef = E454B37E2C1DDD4400AEFE9A /* RootReducer.swift */; };
		E454B3812C1DDD7900AEFE9A /* RootAction.swift in Sources */ = {isa = PBXBuildFile; fileRef = E454B3802C1DDD7900AEFE9A /* RootAction.swift */; };
		E454B3872C1E387100AEFE9A /* MainPage.swift in Sources */ = {isa = PBXBuildFile; fileRef = E454B3862C1E387100AEFE9A /* MainPage.swift */; };
		E454B3892C1E3B3B00AEFE9A /* MainPageState.swift in Sources */ = {isa = PBXBuildFile; fileRef = E454B3882C1E3B3B00AEFE9A /* MainPageState.swift */; };
		E454B38D2C1E3BCB00AEFE9A /* MainPageReducer.swift in Sources */ = {isa = PBXBuildFile; fileRef = E454B38C2C1E3BCB00AEFE9A /* MainPageReducer.swift */; };
		E454B38F2C1E3BD400AEFE9A /* MainPageAction.swift in Sources */ = {isa = PBXBuildFile; fileRef = E454B38E2C1E3BD400AEFE9A /* MainPageAction.swift */; };
		E454B3922C1E40D700AEFE9A /* LiveBackgroud.swift in Sources */ = {isa = PBXBuildFile; fileRef = E454B3912C1E40D700AEFE9A /* LiveBackgroud.swift */; };
		E454B3972C1F717D00AEFE9A /* ContentList.swift in Sources */ = {isa = PBXBuildFile; fileRef = E454B3962C1F717D00AEFE9A /* ContentList.swift */; };
		E454B3992C1F718600AEFE9A /* ContentListReducer.swift in Sources */ = {isa = PBXBuildFile; fileRef = E454B3982C1F718600AEFE9A /* ContentListReducer.swift */; };
		E454B39B2C1F719900AEFE9A /* ContentListAction.swift in Sources */ = {isa = PBXBuildFile; fileRef = E454B39A2C1F719900AEFE9A /* ContentListAction.swift */; };
		E454B39D2C1F71A200AEFE9A /* ContentListState.swift in Sources */ = {isa = PBXBuildFile; fileRef = E454B39C2C1F71A200AEFE9A /* ContentListState.swift */; };
		E454B39F2C1F71BD00AEFE9A /* ContentModel.swift in Sources */ = {isa = PBXBuildFile; fileRef = E454B39E2C1F71BD00AEFE9A /* ContentModel.swift */; };
		E454B3A12C1F739B00AEFE9A /* MiddlewareContentList.swift in Sources */ = {isa = PBXBuildFile; fileRef = E454B3A02C1F739B00AEFE9A /* MiddlewareContentList.swift */; };
		E454B3A52C208DF100AEFE9A /* .gitignore in Resources */ = {isa = PBXBuildFile; fileRef = E454B3A42C208DF100AEFE9A /* .gitignore */; };
		E454B3A72C208ED100AEFE9A /* apikey.json in Resources */ = {isa = PBXBuildFile; fileRef = E454B3A62C208ED100AEFE9A /* apikey.json */; };
		E454B3AB2C20921600AEFE9A /* NonSecretAccessData.swift in Sources */ = {isa = PBXBuildFile; fileRef = E454B3AA2C20921600AEFE9A /* NonSecretAccessData.swift */; };
		E454B3AD2C20B04C00AEFE9A /* MainPageMiddleware.swift in Sources */ = {isa = PBXBuildFile; fileRef = E454B3AC2C20B04C00AEFE9A /* MainPageMiddleware.swift */; };
		E454B3B12C20BF7500AEFE9A /* MiddlewareLog.swift in Sources */ = {isa = PBXBuildFile; fileRef = E454B3B02C20BF7500AEFE9A /* MiddlewareLog.swift */; };
		E454B3B32C20C4F300AEFE9A /* MiddlewareRoot.swift in Sources */ = {isa = PBXBuildFile; fileRef = E454B3B22C20C4F300AEFE9A /* MiddlewareRoot.swift */; };
		E454B3B52C20E3DB00AEFE9A /* CacheImageManager.swift in Sources */ = {isa = PBXBuildFile; fileRef = E454B3B42C20E3DB00AEFE9A /* CacheImageManager.swift */; };
		E454B3B72C21994000AEFE9A /* PaddingManager.swift in Sources */ = {isa = PBXBuildFile; fileRef = E454B3B62C21994000AEFE9A /* PaddingManager.swift */; };
		E454B3B92C21A23E00AEFE9A /* URL+getImage.swift in Sources */ = {isa = PBXBuildFile; fileRef = E454B3B82C21A23E00AEFE9A /* URL+getImage.swift */; };
		E454B3BF2C2340F500AEFE9A /* RapidSpotifyStrategy+Playlists.swift in Sources */ = {isa = PBXBuildFile; fileRef = E454B3BE2C2340F500AEFE9A /* RapidSpotifyStrategy+Playlists.swift */; };
		E454B3C62C23864400AEFE9A /* AudioQueueManager.swift in Sources */ = {isa = PBXBuildFile; fileRef = E454B3C52C23864400AEFE9A /* AudioQueueManager.swift */; };
		E4DFC2412C3833330039A822 /* ContentListView.swift in Sources */ = {isa = PBXBuildFile; fileRef = E4DFC2402C3833330039A822 /* ContentListView.swift */; };
		E4DFC2442C383D880039A822 /* ShortyTrackView.swift in Sources */ = {isa = PBXBuildFile; fileRef = E4DFC2432C383D880039A822 /* ShortyTrackView.swift */; };
		E4DFC2462C383DB50039A822 /* ShortlyTrackModel.swift in Sources */ = {isa = PBXBuildFile; fileRef = E4DFC2452C383DB50039A822 /* ShortlyTrackModel.swift */; };
		E4FCC3292C38458B00109A85 /* ContentProtocol.swift in Sources */ = {isa = PBXBuildFile; fileRef = E4FCC3282C38458B00109A85 /* ContentProtocol.swift */; };
		E4FCC32B2C38487F00109A85 /* ShortyInfoArtist.swift in Sources */ = {isa = PBXBuildFile; fileRef = E4FCC32A2C38487F00109A85 /* ShortyInfoArtist.swift */; };
		E4FCC32E2C384B7600109A85 /* ShortyPlaylistView.swift in Sources */ = {isa = PBXBuildFile; fileRef = E4FCC32D2C384B7600109A85 /* ShortyPlaylistView.swift */; };
		E4FCC3302C384B8500109A85 /* ShortyPlaylistModel.swift in Sources */ = {isa = PBXBuildFile; fileRef = E4FCC32F2C384B8500109A85 /* ShortyPlaylistModel.swift */; };
		E4FCC3332C384F7600109A85 /* ShortyArtistView.swift in Sources */ = {isa = PBXBuildFile; fileRef = E4FCC3322C384F7600109A85 /* ShortyArtistView.swift */; };
		E4FCC3352C384F8500109A85 /* ShortyArtistModel.swift in Sources */ = {isa = PBXBuildFile; fileRef = E4FCC3342C384F8500109A85 /* ShortyArtistModel.swift */; };
		E4FCC3372C38659D00109A85 /* ContentConteiner.swift in Sources */ = {isa = PBXBuildFile; fileRef = E4FCC3362C38659D00109A85 /* ContentConteiner.swift */; };
		E4FCC3412C38894500109A85 /* Data+prettyJSON.swift in Sources */ = {isa = PBXBuildFile; fileRef = E4FCC3402C38894500109A85 /* Data+prettyJSON.swift */; };
/* End PBXBuildFile section */

/* Begin PBXContainerItemProxy section */
		E44364302C1648DB0040D3A7 /* PBXContainerItemProxy */ = {
			isa = PBXContainerItemProxy;
			containerPortal = E44364152C1648D90040D3A7 /* Project object */;
			proxyType = 1;
			remoteGlobalIDString = E443641C2C1648D90040D3A7;
			remoteInfo = MusicPlayer;
		};
		E443643A2C1648DB0040D3A7 /* PBXContainerItemProxy */ = {
			isa = PBXContainerItemProxy;
			containerPortal = E44364152C1648D90040D3A7 /* Project object */;
			proxyType = 1;
			remoteGlobalIDString = E443641C2C1648D90040D3A7;
			remoteInfo = MusicPlayer;
		};
/* End PBXContainerItemProxy section */

/* Begin PBXFileReference section */
		E443641D2C1648D90040D3A7 /* MusicPlayer.app */ = {isa = PBXFileReference; explicitFileType = wrapper.application; includeInIndex = 0; path = MusicPlayer.app; sourceTree = BUILT_PRODUCTS_DIR; };
		E44364202C1648D90040D3A7 /* MusicPlayerApp.swift */ = {isa = PBXFileReference; lastKnownFileType = sourcecode.swift; path = MusicPlayerApp.swift; sourceTree = "<group>"; };
		E44364222C1648D90040D3A7 /* ContentView.swift */ = {isa = PBXFileReference; lastKnownFileType = sourcecode.swift; path = ContentView.swift; sourceTree = "<group>"; };
		E44364242C1648D90040D3A7 /* Item.swift */ = {isa = PBXFileReference; lastKnownFileType = sourcecode.swift; path = Item.swift; sourceTree = "<group>"; };
		E44364262C1648DB0040D3A7 /* Assets.xcassets */ = {isa = PBXFileReference; lastKnownFileType = folder.assetcatalog; path = Assets.xcassets; sourceTree = "<group>"; };
		E44364292C1648DB0040D3A7 /* Preview Assets.xcassets */ = {isa = PBXFileReference; lastKnownFileType = folder.assetcatalog; path = "Preview Assets.xcassets"; sourceTree = "<group>"; };
		E443642F2C1648DB0040D3A7 /* MusicPlayerTests.xctest */ = {isa = PBXFileReference; explicitFileType = wrapper.cfbundle; includeInIndex = 0; path = MusicPlayerTests.xctest; sourceTree = BUILT_PRODUCTS_DIR; };
		E44364332C1648DB0040D3A7 /* MusicPlayerTests.swift */ = {isa = PBXFileReference; lastKnownFileType = sourcecode.swift; path = MusicPlayerTests.swift; sourceTree = "<group>"; };
		E44364392C1648DB0040D3A7 /* MusicPlayerUITests.xctest */ = {isa = PBXFileReference; explicitFileType = wrapper.cfbundle; includeInIndex = 0; path = MusicPlayerUITests.xctest; sourceTree = BUILT_PRODUCTS_DIR; };
		E443643D2C1648DB0040D3A7 /* MusicPlayerUITests.swift */ = {isa = PBXFileReference; lastKnownFileType = sourcecode.swift; path = MusicPlayerUITests.swift; sourceTree = "<group>"; };
		E443643F2C1648DB0040D3A7 /* MusicPlayerUITestsLaunchTests.swift */ = {isa = PBXFileReference; lastKnownFileType = sourcecode.swift; path = MusicPlayerUITestsLaunchTests.swift; sourceTree = "<group>"; };
		E443644D2C1654230040D3A7 /* Store.swift */ = {isa = PBXFileReference; lastKnownFileType = sourcecode.swift; path = Store.swift; sourceTree = "<group>"; };
		E443644F2C1654360040D3A7 /* State.swift */ = {isa = PBXFileReference; lastKnownFileType = sourcecode.swift; path = State.swift; sourceTree = "<group>"; };
		E44364512C1657C60040D3A7 /* Reducer.swift */ = {isa = PBXFileReference; lastKnownFileType = sourcecode.swift; path = Reducer.swift; sourceTree = "<group>"; };
		E44364532C1657DE0040D3A7 /* Middleware.swift */ = {isa = PBXFileReference; lastKnownFileType = sourcecode.swift; path = Middleware.swift; sourceTree = "<group>"; };
		E44364552C1657EC0040D3A7 /* Action.swift */ = {isa = PBXFileReference; lastKnownFileType = sourcecode.swift; path = Action.swift; sourceTree = "<group>"; };
		E443645D2C165AAA0040D3A7 /* NetworkingProtocol.swift */ = {isa = PBXFileReference; lastKnownFileType = sourcecode.swift; path = NetworkingProtocol.swift; sourceTree = "<group>"; };
		E44364622C165DF20040D3A7 /* MusicService.swift */ = {isa = PBXFileReference; lastKnownFileType = sourcecode.swift; path = MusicService.swift; sourceTree = "<group>"; };
		E443646B2C176BD80040D3A7 /* RapidSpotifyStrategy.swift */ = {isa = PBXFileReference; lastKnownFileType = sourcecode.swift; path = RapidSpotifyStrategy.swift; sourceTree = "<group>"; };
		E443646F2C1774020040D3A7 /* RapidSpotifyStrategy+Tracks.swift */ = {isa = PBXFileReference; lastKnownFileType = sourcecode.swift; path = "RapidSpotifyStrategy+Tracks.swift"; sourceTree = "<group>"; };
		E454B3662C1CAA6000AEFE9A /* APIKeyManager.swift */ = {isa = PBXFileReference; fileEncoding = 4; lastKnownFileType = sourcecode.swift; path = APIKeyManager.swift; sourceTree = "<group>"; };
		E454B36C2C1DB40000AEFE9A /* WelcomeView.swift */ = {isa = PBXFileReference; lastKnownFileType = sourcecode.swift; path = WelcomeView.swift; sourceTree = "<group>"; };
		E454B36E2C1DCE1D00AEFE9A /* AppImage.swift */ = {isa = PBXFileReference; lastKnownFileType = sourcecode.swift; path = AppImage.swift; sourceTree = "<group>"; };
		E454B3702C1DCFE000AEFE9A /* AppColor.swift */ = {isa = PBXFileReference; lastKnownFileType = sourcecode.swift; path = AppColor.swift; sourceTree = "<group>"; };
		E454B3722C1DD09E00AEFE9A /* UIColor+hex.swift */ = {isa = PBXFileReference; lastKnownFileType = sourcecode.swift; path = "UIColor+hex.swift"; sourceTree = "<group>"; };
		E454B3742C1DD0C600AEFE9A /* Color+hex.swift */ = {isa = PBXFileReference; lastKnownFileType = sourcecode.swift; path = "Color+hex.swift"; sourceTree = "<group>"; };
		E454B3762C1DDAAC00AEFE9A /* WelcomeViewReducer.swift */ = {isa = PBXFileReference; lastKnownFileType = sourcecode.swift; path = WelcomeViewReducer.swift; sourceTree = "<group>"; };
		E454B3782C1DDB0B00AEFE9A /* WelcomeViewState.swift */ = {isa = PBXFileReference; lastKnownFileType = sourcecode.swift; path = WelcomeViewState.swift; sourceTree = "<group>"; };
		E454B37A2C1DDB1300AEFE9A /* WelcomeViewAction.swift */ = {isa = PBXFileReference; lastKnownFileType = sourcecode.swift; path = WelcomeViewAction.swift; sourceTree = "<group>"; };
		E454B37C2C1DDB6F00AEFE9A /* RootState.swift */ = {isa = PBXFileReference; lastKnownFileType = sourcecode.swift; path = RootState.swift; sourceTree = "<group>"; };
		E454B37E2C1DDD4400AEFE9A /* RootReducer.swift */ = {isa = PBXFileReference; lastKnownFileType = sourcecode.swift; path = RootReducer.swift; sourceTree = "<group>"; };
		E454B3802C1DDD7900AEFE9A /* RootAction.swift */ = {isa = PBXFileReference; lastKnownFileType = sourcecode.swift; path = RootAction.swift; sourceTree = "<group>"; };
		E454B3862C1E387100AEFE9A /* MainPage.swift */ = {isa = PBXFileReference; lastKnownFileType = sourcecode.swift; path = MainPage.swift; sourceTree = "<group>"; };
		E454B3882C1E3B3B00AEFE9A /* MainPageState.swift */ = {isa = PBXFileReference; lastKnownFileType = sourcecode.swift; path = MainPageState.swift; sourceTree = "<group>"; };
		E454B38C2C1E3BCB00AEFE9A /* MainPageReducer.swift */ = {isa = PBXFileReference; lastKnownFileType = sourcecode.swift; path = MainPageReducer.swift; sourceTree = "<group>"; };
		E454B38E2C1E3BD400AEFE9A /* MainPageAction.swift */ = {isa = PBXFileReference; lastKnownFileType = sourcecode.swift; path = MainPageAction.swift; sourceTree = "<group>"; };
		E454B3912C1E40D700AEFE9A /* LiveBackgroud.swift */ = {isa = PBXFileReference; lastKnownFileType = sourcecode.swift; path = LiveBackgroud.swift; sourceTree = "<group>"; };
		E454B3962C1F717D00AEFE9A /* ContentList.swift */ = {isa = PBXFileReference; lastKnownFileType = sourcecode.swift; path = ContentList.swift; sourceTree = "<group>"; };
		E454B3982C1F718600AEFE9A /* ContentListReducer.swift */ = {isa = PBXFileReference; lastKnownFileType = sourcecode.swift; path = ContentListReducer.swift; sourceTree = "<group>"; };
		E454B39A2C1F719900AEFE9A /* ContentListAction.swift */ = {isa = PBXFileReference; lastKnownFileType = sourcecode.swift; path = ContentListAction.swift; sourceTree = "<group>"; };
		E454B39C2C1F71A200AEFE9A /* ContentListState.swift */ = {isa = PBXFileReference; lastKnownFileType = sourcecode.swift; path = ContentListState.swift; sourceTree = "<group>"; };
		E454B39E2C1F71BD00AEFE9A /* ContentModel.swift */ = {isa = PBXFileReference; lastKnownFileType = sourcecode.swift; path = ContentModel.swift; sourceTree = "<group>"; };
		E454B3A02C1F739B00AEFE9A /* MiddlewareContentList.swift */ = {isa = PBXFileReference; lastKnownFileType = sourcecode.swift; path = MiddlewareContentList.swift; sourceTree = "<group>"; };
		E454B3A42C208DF100AEFE9A /* .gitignore */ = {isa = PBXFileReference; fileEncoding = 4; lastKnownFileType = text; path = .gitignore; sourceTree = "<group>"; };
		E454B3A62C208ED100AEFE9A /* apikey.json */ = {isa = PBXFileReference; lastKnownFileType = text.json; path = apikey.json; sourceTree = "<group>"; };
		E454B3AA2C20921600AEFE9A /* NonSecretAccessData.swift */ = {isa = PBXFileReference; lastKnownFileType = sourcecode.swift; path = NonSecretAccessData.swift; sourceTree = "<group>"; };
		E454B3AC2C20B04C00AEFE9A /* MainPageMiddleware.swift */ = {isa = PBXFileReference; lastKnownFileType = sourcecode.swift; path = MainPageMiddleware.swift; sourceTree = "<group>"; };
		E454B3B02C20BF7500AEFE9A /* MiddlewareLog.swift */ = {isa = PBXFileReference; lastKnownFileType = sourcecode.swift; path = MiddlewareLog.swift; sourceTree = "<group>"; };
		E454B3B22C20C4F300AEFE9A /* MiddlewareRoot.swift */ = {isa = PBXFileReference; lastKnownFileType = sourcecode.swift; path = MiddlewareRoot.swift; sourceTree = "<group>"; };
		E454B3B42C20E3DB00AEFE9A /* CacheImageManager.swift */ = {isa = PBXFileReference; lastKnownFileType = sourcecode.swift; path = CacheImageManager.swift; sourceTree = "<group>"; };
		E454B3B62C21994000AEFE9A /* PaddingManager.swift */ = {isa = PBXFileReference; lastKnownFileType = sourcecode.swift; path = PaddingManager.swift; sourceTree = "<group>"; };
		E454B3B82C21A23E00AEFE9A /* URL+getImage.swift */ = {isa = PBXFileReference; lastKnownFileType = sourcecode.swift; path = "URL+getImage.swift"; sourceTree = "<group>"; };
		E454B3BE2C2340F500AEFE9A /* RapidSpotifyStrategy+Playlists.swift */ = {isa = PBXFileReference; lastKnownFileType = sourcecode.swift; path = "RapidSpotifyStrategy+Playlists.swift"; sourceTree = "<group>"; };
		E454B3C52C23864400AEFE9A /* AudioQueueManager.swift */ = {isa = PBXFileReference; lastKnownFileType = sourcecode.swift; path = AudioQueueManager.swift; sourceTree = "<group>"; };
		E4DFC2402C3833330039A822 /* ContentListView.swift */ = {isa = PBXFileReference; lastKnownFileType = sourcecode.swift; path = ContentListView.swift; sourceTree = "<group>"; };
		E4DFC2432C383D880039A822 /* ShortyTrackView.swift */ = {isa = PBXFileReference; lastKnownFileType = sourcecode.swift; path = ShortyTrackView.swift; sourceTree = "<group>"; };
		E4DFC2452C383DB50039A822 /* ShortlyTrackModel.swift */ = {isa = PBXFileReference; lastKnownFileType = sourcecode.swift; path = ShortlyTrackModel.swift; sourceTree = "<group>"; };
		E4FCC3282C38458B00109A85 /* ContentProtocol.swift */ = {isa = PBXFileReference; lastKnownFileType = sourcecode.swift; path = ContentProtocol.swift; sourceTree = "<group>"; };
		E4FCC32A2C38487F00109A85 /* ShortyInfoArtist.swift */ = {isa = PBXFileReference; lastKnownFileType = sourcecode.swift; path = ShortyInfoArtist.swift; sourceTree = "<group>"; };
		E4FCC32D2C384B7600109A85 /* ShortyPlaylistView.swift */ = {isa = PBXFileReference; lastKnownFileType = sourcecode.swift; path = ShortyPlaylistView.swift; sourceTree = "<group>"; };
		E4FCC32F2C384B8500109A85 /* ShortyPlaylistModel.swift */ = {isa = PBXFileReference; lastKnownFileType = sourcecode.swift; path = ShortyPlaylistModel.swift; sourceTree = "<group>"; };
		E4FCC3322C384F7600109A85 /* ShortyArtistView.swift */ = {isa = PBXFileReference; lastKnownFileType = sourcecode.swift; path = ShortyArtistView.swift; sourceTree = "<group>"; };
		E4FCC3342C384F8500109A85 /* ShortyArtistModel.swift */ = {isa = PBXFileReference; lastKnownFileType = sourcecode.swift; path = ShortyArtistModel.swift; sourceTree = "<group>"; };
		E4FCC3362C38659D00109A85 /* ContentConteiner.swift */ = {isa = PBXFileReference; lastKnownFileType = sourcecode.swift; path = ContentConteiner.swift; sourceTree = "<group>"; };
		E4FCC3402C38894500109A85 /* Data+prettyJSON.swift */ = {isa = PBXFileReference; lastKnownFileType = sourcecode.swift; path = "Data+prettyJSON.swift"; sourceTree = "<group>"; };
/* End PBXFileReference section */

/* Begin PBXFrameworksBuildPhase section */
		E443641A2C1648D90040D3A7 /* Frameworks */ = {
			isa = PBXFrameworksBuildPhase;
			buildActionMask = 2147483647;
			files = (
			);
			runOnlyForDeploymentPostprocessing = 0;
		};
		E443642C2C1648DB0040D3A7 /* Frameworks */ = {
			isa = PBXFrameworksBuildPhase;
			buildActionMask = 2147483647;
			files = (
			);
			runOnlyForDeploymentPostprocessing = 0;
		};
		E44364362C1648DB0040D3A7 /* Frameworks */ = {
			isa = PBXFrameworksBuildPhase;
			buildActionMask = 2147483647;
			files = (
			);
			runOnlyForDeploymentPostprocessing = 0;
		};
/* End PBXFrameworksBuildPhase section */

/* Begin PBXGroup section */
		E44364142C1648D90040D3A7 = {
			isa = PBXGroup;
			children = (
				E454B3A62C208ED100AEFE9A /* apikey.json */,
				E454B3A42C208DF100AEFE9A /* .gitignore */,
				E443641F2C1648D90040D3A7 /* MusicPlayer */,
				E44364322C1648DB0040D3A7 /* MusicPlayerTests */,
				E443643C2C1648DB0040D3A7 /* MusicPlayerUITests */,
				E443641E2C1648D90040D3A7 /* Products */,
			);
			sourceTree = "<group>";
		};
		E443641E2C1648D90040D3A7 /* Products */ = {
			isa = PBXGroup;
			children = (
				E443641D2C1648D90040D3A7 /* MusicPlayer.app */,
				E443642F2C1648DB0040D3A7 /* MusicPlayerTests.xctest */,
				E44364392C1648DB0040D3A7 /* MusicPlayerUITests.xctest */,
			);
			name = Products;
			sourceTree = "<group>";
		};
		E443641F2C1648D90040D3A7 /* MusicPlayer */ = {
			isa = PBXGroup;
			children = (
				E454B3672C1CAA6000AEFE9A /* Other */,
				E443646D2C1773250040D3A7 /* Models */,
				E443645C2C165A470040D3A7 /* Services */,
				E44364572C1659260040D3A7 /* Components */,
				E443644C2C1653FE0040D3A7 /* Redux */,
				E44364202C1648D90040D3A7 /* MusicPlayerApp.swift */,
				E44364222C1648D90040D3A7 /* ContentView.swift */,
				E44364242C1648D90040D3A7 /* Item.swift */,
				E44364262C1648DB0040D3A7 /* Assets.xcassets */,
				E44364282C1648DB0040D3A7 /* Preview Content */,
			);
			path = MusicPlayer;
			sourceTree = "<group>";
		};
		E44364282C1648DB0040D3A7 /* Preview Content */ = {
			isa = PBXGroup;
			children = (
				E44364292C1648DB0040D3A7 /* Preview Assets.xcassets */,
			);
			path = "Preview Content";
			sourceTree = "<group>";
		};
		E44364322C1648DB0040D3A7 /* MusicPlayerTests */ = {
			isa = PBXGroup;
			children = (
				E44364332C1648DB0040D3A7 /* MusicPlayerTests.swift */,
			);
			path = MusicPlayerTests;
			sourceTree = "<group>";
		};
		E443643C2C1648DB0040D3A7 /* MusicPlayerUITests */ = {
			isa = PBXGroup;
			children = (
				E443643D2C1648DB0040D3A7 /* MusicPlayerUITests.swift */,
				E443643F2C1648DB0040D3A7 /* MusicPlayerUITestsLaunchTests.swift */,
			);
			path = MusicPlayerUITests;
			sourceTree = "<group>";
		};
		E443644C2C1653FE0040D3A7 /* Redux */ = {
			isa = PBXGroup;
			children = (
				E443644D2C1654230040D3A7 /* Store.swift */,
				E443644F2C1654360040D3A7 /* State.swift */,
				E44364512C1657C60040D3A7 /* Reducer.swift */,
				E44364532C1657DE0040D3A7 /* Middleware.swift */,
				E44364552C1657EC0040D3A7 /* Action.swift */,
			);
			path = Redux;
			sourceTree = "<group>";
		};
		E44364572C1659260040D3A7 /* Components */ = {
			isa = PBXGroup;
			children = (
				E4FCC3312C384EE400109A85 /* ShortyArtistView */,
				E4FCC32C2C384B5000109A85 /* ShortyPlaylistView */,
				E4DFC2422C383D760039A822 /* ShortyTrackView */,
				E4DFC23F2C3833080039A822 /* ContentListView */,
				E454B3932C1F715700AEFE9A /* ContentList */,
				E454B36B2C1DB3E900AEFE9A /* WelcomeView */,
				E44364592C1659630040D3A7 /* MainPage */,
				E454B37C2C1DDB6F00AEFE9A /* RootState.swift */,
				E454B37E2C1DDD4400AEFE9A /* RootReducer.swift */,
				E454B3802C1DDD7900AEFE9A /* RootAction.swift */,
				E454B3912C1E40D700AEFE9A /* LiveBackgroud.swift */,
				E454B3B22C20C4F300AEFE9A /* MiddlewareRoot.swift */,
			);
			path = Components;
			sourceTree = "<group>";
		};
		E44364592C1659630040D3A7 /* MainPage */ = {
			isa = PBXGroup;
			children = (
				E454B3862C1E387100AEFE9A /* MainPage.swift */,
				E454B3882C1E3B3B00AEFE9A /* MainPageState.swift */,
				E454B38C2C1E3BCB00AEFE9A /* MainPageReducer.swift */,
				E454B38E2C1E3BD400AEFE9A /* MainPageAction.swift */,
				E454B3AC2C20B04C00AEFE9A /* MainPageMiddleware.swift */,
			);
			path = MainPage;
			sourceTree = "<group>";
		};
		E443645C2C165A470040D3A7 /* Services */ = {
			isa = PBXGroup;
			children = (
				E443645F2C165DC60040D3A7 /* MusicService */,
				E443645D2C165AAA0040D3A7 /* NetworkingProtocol.swift */,
				E454B3B42C20E3DB00AEFE9A /* CacheImageManager.swift */,
			);
			path = Services;
			sourceTree = "<group>";
		};
		E443645F2C165DC60040D3A7 /* MusicService */ = {
			isa = PBXGroup;
			children = (
				E44364622C165DF20040D3A7 /* MusicService.swift */,
				E443646B2C176BD80040D3A7 /* RapidSpotifyStrategy.swift */,
			);
			path = MusicService;
			sourceTree = "<group>";
		};
		E443646D2C1773250040D3A7 /* Models */ = {
			isa = PBXGroup;
			children = (
				E443646E2C17733D0040D3A7 /* RapidSpotifyStrategy */,
				E454B39E2C1F71BD00AEFE9A /* ContentModel.swift */,
				E4FCC32A2C38487F00109A85 /* ShortyInfoArtist.swift */,
			);
			path = Models;
			sourceTree = "<group>";
		};
		E443646E2C17733D0040D3A7 /* RapidSpotifyStrategy */ = {
			isa = PBXGroup;
			children = (
				E443646F2C1774020040D3A7 /* RapidSpotifyStrategy+Tracks.swift */,
				E454B3BE2C2340F500AEFE9A /* RapidSpotifyStrategy+Playlists.swift */,
			);
			path = RapidSpotifyStrategy;
			sourceTree = "<group>";
		};
		E454B3672C1CAA6000AEFE9A /* Other */ = {
			isa = PBXGroup;
			children = (
				E454B3662C1CAA6000AEFE9A /* APIKeyManager.swift */,
				E454B36E2C1DCE1D00AEFE9A /* AppImage.swift */,
				E454B3702C1DCFE000AEFE9A /* AppColor.swift */,
				E454B3722C1DD09E00AEFE9A /* UIColor+hex.swift */,
				E454B3742C1DD0C600AEFE9A /* Color+hex.swift */,
				E454B3AA2C20921600AEFE9A /* NonSecretAccessData.swift */,
				E454B3B02C20BF7500AEFE9A /* MiddlewareLog.swift */,
				E454B3B62C21994000AEFE9A /* PaddingManager.swift */,
				E454B3B82C21A23E00AEFE9A /* URL+getImage.swift */,
				E454B3C52C23864400AEFE9A /* AudioQueueManager.swift */,
				E4FCC3282C38458B00109A85 /* ContentProtocol.swift */,
				E4FCC3362C38659D00109A85 /* ContentConteiner.swift */,
				E4FCC3402C38894500109A85 /* Data+prettyJSON.swift */,
			);
			path = Other;
			sourceTree = "<group>";
		};
		E454B36B2C1DB3E900AEFE9A /* WelcomeView */ = {
			isa = PBXGroup;
			children = (
				E454B36C2C1DB40000AEFE9A /* WelcomeView.swift */,
				E454B3762C1DDAAC00AEFE9A /* WelcomeViewReducer.swift */,
				E454B3782C1DDB0B00AEFE9A /* WelcomeViewState.swift */,
				E454B37A2C1DDB1300AEFE9A /* WelcomeViewAction.swift */,
			);
			path = WelcomeView;
			sourceTree = "<group>";
		};
		E454B3932C1F715700AEFE9A /* ContentList */ = {
			isa = PBXGroup;
			children = (
				E454B3962C1F717D00AEFE9A /* ContentList.swift */,
				E454B3982C1F718600AEFE9A /* ContentListReducer.swift */,
				E454B39A2C1F719900AEFE9A /* ContentListAction.swift */,
				E454B39C2C1F71A200AEFE9A /* ContentListState.swift */,
				E454B3A02C1F739B00AEFE9A /* MiddlewareContentList.swift */,
			);
			path = ContentList;
			sourceTree = "<group>";
		};
		E4DFC23F2C3833080039A822 /* ContentListView */ = {
			isa = PBXGroup;
			children = (
				E4DFC2402C3833330039A822 /* ContentListView.swift */,
			);
			path = ContentListView;
			sourceTree = "<group>";
		};
		E4DFC2422C383D760039A822 /* ShortyTrackView */ = {
			isa = PBXGroup;
			children = (
				E4DFC2432C383D880039A822 /* ShortyTrackView.swift */,
				E4DFC2452C383DB50039A822 /* ShortlyTrackModel.swift */,
			);
			path = ShortyTrackView;
			sourceTree = "<group>";
		};
		E4FCC32C2C384B5000109A85 /* ShortyPlaylistView */ = {
			isa = PBXGroup;
			children = (
				E4FCC32D2C384B7600109A85 /* ShortyPlaylistView.swift */,
				E4FCC32F2C384B8500109A85 /* ShortyPlaylistModel.swift */,
			);
			path = ShortyPlaylistView;
			sourceTree = "<group>";
		};
		E4FCC3312C384EE400109A85 /* ShortyArtistView */ = {
			isa = PBXGroup;
			children = (
				E4FCC3322C384F7600109A85 /* ShortyArtistView.swift */,
				E4FCC3342C384F8500109A85 /* ShortyArtistModel.swift */,
			);
			path = ShortyArtistView;
			sourceTree = "<group>";
		};
/* End PBXGroup section */

/* Begin PBXNativeTarget section */
		E443641C2C1648D90040D3A7 /* MusicPlayer */ = {
			isa = PBXNativeTarget;
			buildConfigurationList = E44364432C1648DC0040D3A7 /* Build configuration list for PBXNativeTarget "MusicPlayer" */;
			buildPhases = (
				E44364192C1648D90040D3A7 /* Sources */,
				E443641A2C1648D90040D3A7 /* Frameworks */,
				E443641B2C1648D90040D3A7 /* Resources */,
			);
			buildRules = (
			);
			dependencies = (
			);
			name = MusicPlayer;
			packageProductDependencies = (
			);
			productName = MusicPlayer;
			productReference = E443641D2C1648D90040D3A7 /* MusicPlayer.app */;
			productType = "com.apple.product-type.application";
		};
		E443642E2C1648DB0040D3A7 /* MusicPlayerTests */ = {
			isa = PBXNativeTarget;
			buildConfigurationList = E44364462C1648DC0040D3A7 /* Build configuration list for PBXNativeTarget "MusicPlayerTests" */;
			buildPhases = (
				E443642B2C1648DB0040D3A7 /* Sources */,
				E443642C2C1648DB0040D3A7 /* Frameworks */,
				E443642D2C1648DB0040D3A7 /* Resources */,
			);
			buildRules = (
			);
			dependencies = (
				E44364312C1648DB0040D3A7 /* PBXTargetDependency */,
			);
			name = MusicPlayerTests;
			packageProductDependencies = (
			);
			productName = MusicPlayerTests;
			productReference = E443642F2C1648DB0040D3A7 /* MusicPlayerTests.xctest */;
			productType = "com.apple.product-type.bundle.unit-test";
		};
		E44364382C1648DB0040D3A7 /* MusicPlayerUITests */ = {
			isa = PBXNativeTarget;
			buildConfigurationList = E44364492C1648DC0040D3A7 /* Build configuration list for PBXNativeTarget "MusicPlayerUITests" */;
			buildPhases = (
				E44364352C1648DB0040D3A7 /* Sources */,
				E44364362C1648DB0040D3A7 /* Frameworks */,
				E44364372C1648DB0040D3A7 /* Resources */,
			);
			buildRules = (
			);
			dependencies = (
				E443643B2C1648DB0040D3A7 /* PBXTargetDependency */,
			);
			name = MusicPlayerUITests;
			productName = MusicPlayerUITests;
			productReference = E44364392C1648DB0040D3A7 /* MusicPlayerUITests.xctest */;
			productType = "com.apple.product-type.bundle.ui-testing";
		};
/* End PBXNativeTarget section */

/* Begin PBXProject section */
		E44364152C1648D90040D3A7 /* Project object */ = {
			isa = PBXProject;
			attributes = {
				BuildIndependentTargetsInParallel = 1;
				LastSwiftUpdateCheck = 1540;
				LastUpgradeCheck = 1540;
				TargetAttributes = {
					E443641C2C1648D90040D3A7 = {
						CreatedOnToolsVersion = 15.4;
					};
					E443642E2C1648DB0040D3A7 = {
						CreatedOnToolsVersion = 15.4;
						TestTargetID = E443641C2C1648D90040D3A7;
					};
					E44364382C1648DB0040D3A7 = {
						CreatedOnToolsVersion = 15.4;
						TestTargetID = E443641C2C1648D90040D3A7;
					};
				};
			};
			buildConfigurationList = E44364182C1648D90040D3A7 /* Build configuration list for PBXProject "MusicPlayer" */;
			compatibilityVersion = "Xcode 14.0";
			developmentRegion = en;
			hasScannedForEncodings = 0;
			knownRegions = (
				en,
				Base,
			);
			mainGroup = E44364142C1648D90040D3A7;
			packageReferences = (
			);
			productRefGroup = E443641E2C1648D90040D3A7 /* Products */;
			projectDirPath = "";
			projectRoot = "";
			targets = (
				E443641C2C1648D90040D3A7 /* MusicPlayer */,
				E443642E2C1648DB0040D3A7 /* MusicPlayerTests */,
				E44364382C1648DB0040D3A7 /* MusicPlayerUITests */,
			);
		};
/* End PBXProject section */

/* Begin PBXResourcesBuildPhase section */
		E443641B2C1648D90040D3A7 /* Resources */ = {
			isa = PBXResourcesBuildPhase;
			buildActionMask = 2147483647;
			files = (
				E443642A2C1648DB0040D3A7 /* Preview Assets.xcassets in Resources */,
				E454B3A52C208DF100AEFE9A /* .gitignore in Resources */,
				E454B3A72C208ED100AEFE9A /* apikey.json in Resources */,
				E44364272C1648DB0040D3A7 /* Assets.xcassets in Resources */,
			);
			runOnlyForDeploymentPostprocessing = 0;
		};
		E443642D2C1648DB0040D3A7 /* Resources */ = {
			isa = PBXResourcesBuildPhase;
			buildActionMask = 2147483647;
			files = (
			);
			runOnlyForDeploymentPostprocessing = 0;
		};
		E44364372C1648DB0040D3A7 /* Resources */ = {
			isa = PBXResourcesBuildPhase;
			buildActionMask = 2147483647;
			files = (
			);
			runOnlyForDeploymentPostprocessing = 0;
		};
/* End PBXResourcesBuildPhase section */

/* Begin PBXSourcesBuildPhase section */
		E44364192C1648D90040D3A7 /* Sources */ = {
			isa = PBXSourcesBuildPhase;
			buildActionMask = 2147483647;
			files = (
				E454B3B92C21A23E00AEFE9A /* URL+getImage.swift in Sources */,
				E454B39D2C1F71A200AEFE9A /* ContentListState.swift in Sources */,
				E4FCC3412C38894500109A85 /* Data+prettyJSON.swift in Sources */,
				E44364232C1648D90040D3A7 /* ContentView.swift in Sources */,
				E454B3872C1E387100AEFE9A /* MainPage.swift in Sources */,
				E454B38D2C1E3BCB00AEFE9A /* MainPageReducer.swift in Sources */,
				E454B3992C1F718600AEFE9A /* ContentListReducer.swift in Sources */,
				E44364252C1648D90040D3A7 /* Item.swift in Sources */,
				E44364522C1657C60040D3A7 /* Reducer.swift in Sources */,
				E454B3AB2C20921600AEFE9A /* NonSecretAccessData.swift in Sources */,
				E44364702C1774020040D3A7 /* RapidSpotifyStrategy+Tracks.swift in Sources */,
				E454B3B32C20C4F300AEFE9A /* MiddlewareRoot.swift in Sources */,
				E454B39B2C1F719900AEFE9A /* ContentListAction.swift in Sources */,
				E454B3BF2C2340F500AEFE9A /* RapidSpotifyStrategy+Playlists.swift in Sources */,
				E454B3922C1E40D700AEFE9A /* LiveBackgroud.swift in Sources */,
				E454B36D2C1DB40000AEFE9A /* WelcomeView.swift in Sources */,
				E454B3772C1DDAAC00AEFE9A /* WelcomeViewReducer.swift in Sources */,
				E454B3812C1DDD7900AEFE9A /* RootAction.swift in Sources */,
				E454B3B12C20BF7500AEFE9A /* MiddlewareLog.swift in Sources */,
				E454B3752C1DD0C600AEFE9A /* Color+hex.swift in Sources */,
				E4FCC3372C38659D00109A85 /* ContentConteiner.swift in Sources */,
				E4FCC32B2C38487F00109A85 /* ShortyInfoArtist.swift in Sources */,
				E4DFC2462C383DB50039A822 /* ShortlyTrackModel.swift in Sources */,
				E443645E2C165AAB0040D3A7 /* NetworkingProtocol.swift in Sources */,
				E44364212C1648D90040D3A7 /* MusicPlayerApp.swift in Sources */,
				E4DFC2442C383D880039A822 /* ShortyTrackView.swift in Sources */,
				E44364502C1654360040D3A7 /* State.swift in Sources */,
				E44364562C1657EC0040D3A7 /* Action.swift in Sources */,
				E454B38F2C1E3BD400AEFE9A /* MainPageAction.swift in Sources */,
				E4FCC3302C384B8500109A85 /* ShortyPlaylistModel.swift in Sources */,
				E443644E2C1654230040D3A7 /* Store.swift in Sources */,
				E454B3712C1DCFE000AEFE9A /* AppColor.swift in Sources */,
				E454B3682C1CAA6000AEFE9A /* APIKeyManager.swift in Sources */,
				E454B37B2C1DDB1300AEFE9A /* WelcomeViewAction.swift in Sources */,
				E454B3C62C23864400AEFE9A /* AudioQueueManager.swift in Sources */,
				E44364542C1657DE0040D3A7 /* Middleware.swift in Sources */,
				E454B3972C1F717D00AEFE9A /* ContentList.swift in Sources */,
				E454B3792C1DDB0B00AEFE9A /* WelcomeViewState.swift in Sources */,
				E454B3A12C1F739B00AEFE9A /* MiddlewareContentList.swift in Sources */,
				E454B37F2C1DDD4400AEFE9A /* RootReducer.swift in Sources */,
				E44364632C165DF20040D3A7 /* MusicService.swift in Sources */,
				E4DFC2412C3833330039A822 /* ContentListView.swift in Sources */,
				E454B37D2C1DDB6F00AEFE9A /* RootState.swift in Sources */,
				E454B39F2C1F71BD00AEFE9A /* ContentModel.swift in Sources */,
				E443646C2C176BD80040D3A7 /* RapidSpotifyStrategy.swift in Sources */,
				E454B3B72C21994000AEFE9A /* PaddingManager.swift in Sources */,
				E454B3892C1E3B3B00AEFE9A /* MainPageState.swift in Sources */,
				E454B3B52C20E3DB00AEFE9A /* CacheImageManager.swift in Sources */,
				E454B3732C1DD09E00AEFE9A /* UIColor+hex.swift in Sources */,
				E4FCC3292C38458B00109A85 /* ContentProtocol.swift in Sources */,
				E4FCC3332C384F7600109A85 /* ShortyArtistView.swift in Sources */,
				E454B3AD2C20B04C00AEFE9A /* MainPageMiddleware.swift in Sources */,
				E4FCC3352C384F8500109A85 /* ShortyArtistModel.swift in Sources */,
				E454B36F2C1DCE1D00AEFE9A /* AppImage.swift in Sources */,
				E4FCC32E2C384B7600109A85 /* ShortyPlaylistView.swift in Sources */,
			);
			runOnlyForDeploymentPostprocessing = 0;
		};
		E443642B2C1648DB0040D3A7 /* Sources */ = {
			isa = PBXSourcesBuildPhase;
			buildActionMask = 2147483647;
			files = (
				E44364342C1648DB0040D3A7 /* MusicPlayerTests.swift in Sources */,
			);
			runOnlyForDeploymentPostprocessing = 0;
		};
		E44364352C1648DB0040D3A7 /* Sources */ = {
			isa = PBXSourcesBuildPhase;
			buildActionMask = 2147483647;
			files = (
				E443643E2C1648DB0040D3A7 /* MusicPlayerUITests.swift in Sources */,
				E44364402C1648DB0040D3A7 /* MusicPlayerUITestsLaunchTests.swift in Sources */,
			);
			runOnlyForDeploymentPostprocessing = 0;
		};
/* End PBXSourcesBuildPhase section */

/* Begin PBXTargetDependency section */
		E44364312C1648DB0040D3A7 /* PBXTargetDependency */ = {
			isa = PBXTargetDependency;
			target = E443641C2C1648D90040D3A7 /* MusicPlayer */;
			targetProxy = E44364302C1648DB0040D3A7 /* PBXContainerItemProxy */;
		};
		E443643B2C1648DB0040D3A7 /* PBXTargetDependency */ = {
			isa = PBXTargetDependency;
			target = E443641C2C1648D90040D3A7 /* MusicPlayer */;
			targetProxy = E443643A2C1648DB0040D3A7 /* PBXContainerItemProxy */;
		};
/* End PBXTargetDependency section */

/* Begin XCBuildConfiguration section */
		E44364412C1648DC0040D3A7 /* Debug */ = {
			isa = XCBuildConfiguration;
			buildSettings = {
				ALWAYS_SEARCH_USER_PATHS = NO;
				ASSETCATALOG_COMPILER_GENERATE_SWIFT_ASSET_SYMBOL_EXTENSIONS = YES;
				CLANG_ANALYZER_NONNULL = YES;
				CLANG_ANALYZER_NUMBER_OBJECT_CONVERSION = YES_AGGRESSIVE;
				CLANG_CXX_LANGUAGE_STANDARD = "gnu++20";
				CLANG_ENABLE_MODULES = YES;
				CLANG_ENABLE_OBJC_ARC = YES;
				CLANG_ENABLE_OBJC_WEAK = YES;
				CLANG_WARN_BLOCK_CAPTURE_AUTORELEASING = YES;
				CLANG_WARN_BOOL_CONVERSION = YES;
				CLANG_WARN_COMMA = YES;
				CLANG_WARN_CONSTANT_CONVERSION = YES;
				CLANG_WARN_DEPRECATED_OBJC_IMPLEMENTATIONS = YES;
				CLANG_WARN_DIRECT_OBJC_ISA_USAGE = YES_ERROR;
				CLANG_WARN_DOCUMENTATION_COMMENTS = YES;
				CLANG_WARN_EMPTY_BODY = YES;
				CLANG_WARN_ENUM_CONVERSION = YES;
				CLANG_WARN_INFINITE_RECURSION = YES;
				CLANG_WARN_INT_CONVERSION = YES;
				CLANG_WARN_NON_LITERAL_NULL_CONVERSION = YES;
				CLANG_WARN_OBJC_IMPLICIT_RETAIN_SELF = YES;
				CLANG_WARN_OBJC_LITERAL_CONVERSION = YES;
				CLANG_WARN_OBJC_ROOT_CLASS = YES_ERROR;
				CLANG_WARN_QUOTED_INCLUDE_IN_FRAMEWORK_HEADER = YES;
				CLANG_WARN_RANGE_LOOP_ANALYSIS = YES;
				CLANG_WARN_STRICT_PROTOTYPES = YES;
				CLANG_WARN_SUSPICIOUS_MOVE = YES;
				CLANG_WARN_UNGUARDED_AVAILABILITY = YES_AGGRESSIVE;
				CLANG_WARN_UNREACHABLE_CODE = YES;
				CLANG_WARN__DUPLICATE_METHOD_MATCH = YES;
				COPY_PHASE_STRIP = NO;
				DEBUG_INFORMATION_FORMAT = dwarf;
				ENABLE_STRICT_OBJC_MSGSEND = YES;
				ENABLE_TESTABILITY = YES;
				ENABLE_USER_SCRIPT_SANDBOXING = YES;
				GCC_C_LANGUAGE_STANDARD = gnu17;
				GCC_DYNAMIC_NO_PIC = NO;
				GCC_NO_COMMON_BLOCKS = YES;
				GCC_OPTIMIZATION_LEVEL = 0;
				GCC_PREPROCESSOR_DEFINITIONS = (
					"DEBUG=1",
					"$(inherited)",
				);
				GCC_WARN_64_TO_32_BIT_CONVERSION = YES;
				GCC_WARN_ABOUT_RETURN_TYPE = YES_ERROR;
				GCC_WARN_UNDECLARED_SELECTOR = YES;
				GCC_WARN_UNINITIALIZED_AUTOS = YES_AGGRESSIVE;
				GCC_WARN_UNUSED_FUNCTION = YES;
				GCC_WARN_UNUSED_VARIABLE = YES;
				IPHONEOS_DEPLOYMENT_TARGET = 17.5;
				LOCALIZATION_PREFERS_STRING_CATALOGS = YES;
				MTL_ENABLE_DEBUG_INFO = INCLUDE_SOURCE;
				MTL_FAST_MATH = YES;
				ONLY_ACTIVE_ARCH = YES;
				SDKROOT = iphoneos;
				SWIFT_ACTIVE_COMPILATION_CONDITIONS = "DEBUG $(inherited)";
				SWIFT_OPTIMIZATION_LEVEL = "-Onone";
			};
			name = Debug;
		};
		E44364422C1648DC0040D3A7 /* Release */ = {
			isa = XCBuildConfiguration;
			buildSettings = {
				ALWAYS_SEARCH_USER_PATHS = NO;
				ASSETCATALOG_COMPILER_GENERATE_SWIFT_ASSET_SYMBOL_EXTENSIONS = YES;
				CLANG_ANALYZER_NONNULL = YES;
				CLANG_ANALYZER_NUMBER_OBJECT_CONVERSION = YES_AGGRESSIVE;
				CLANG_CXX_LANGUAGE_STANDARD = "gnu++20";
				CLANG_ENABLE_MODULES = YES;
				CLANG_ENABLE_OBJC_ARC = YES;
				CLANG_ENABLE_OBJC_WEAK = YES;
				CLANG_WARN_BLOCK_CAPTURE_AUTORELEASING = YES;
				CLANG_WARN_BOOL_CONVERSION = YES;
				CLANG_WARN_COMMA = YES;
				CLANG_WARN_CONSTANT_CONVERSION = YES;
				CLANG_WARN_DEPRECATED_OBJC_IMPLEMENTATIONS = YES;
				CLANG_WARN_DIRECT_OBJC_ISA_USAGE = YES_ERROR;
				CLANG_WARN_DOCUMENTATION_COMMENTS = YES;
				CLANG_WARN_EMPTY_BODY = YES;
				CLANG_WARN_ENUM_CONVERSION = YES;
				CLANG_WARN_INFINITE_RECURSION = YES;
				CLANG_WARN_INT_CONVERSION = YES;
				CLANG_WARN_NON_LITERAL_NULL_CONVERSION = YES;
				CLANG_WARN_OBJC_IMPLICIT_RETAIN_SELF = YES;
				CLANG_WARN_OBJC_LITERAL_CONVERSION = YES;
				CLANG_WARN_OBJC_ROOT_CLASS = YES_ERROR;
				CLANG_WARN_QUOTED_INCLUDE_IN_FRAMEWORK_HEADER = YES;
				CLANG_WARN_RANGE_LOOP_ANALYSIS = YES;
				CLANG_WARN_STRICT_PROTOTYPES = YES;
				CLANG_WARN_SUSPICIOUS_MOVE = YES;
				CLANG_WARN_UNGUARDED_AVAILABILITY = YES_AGGRESSIVE;
				CLANG_WARN_UNREACHABLE_CODE = YES;
				CLANG_WARN__DUPLICATE_METHOD_MATCH = YES;
				COPY_PHASE_STRIP = NO;
				DEBUG_INFORMATION_FORMAT = "dwarf-with-dsym";
				ENABLE_NS_ASSERTIONS = NO;
				ENABLE_STRICT_OBJC_MSGSEND = YES;
				ENABLE_USER_SCRIPT_SANDBOXING = YES;
				GCC_C_LANGUAGE_STANDARD = gnu17;
				GCC_NO_COMMON_BLOCKS = YES;
				GCC_WARN_64_TO_32_BIT_CONVERSION = YES;
				GCC_WARN_ABOUT_RETURN_TYPE = YES_ERROR;
				GCC_WARN_UNDECLARED_SELECTOR = YES;
				GCC_WARN_UNINITIALIZED_AUTOS = YES_AGGRESSIVE;
				GCC_WARN_UNUSED_FUNCTION = YES;
				GCC_WARN_UNUSED_VARIABLE = YES;
				IPHONEOS_DEPLOYMENT_TARGET = 17.5;
				LOCALIZATION_PREFERS_STRING_CATALOGS = YES;
				MTL_ENABLE_DEBUG_INFO = NO;
				MTL_FAST_MATH = YES;
				SDKROOT = iphoneos;
				SWIFT_COMPILATION_MODE = wholemodule;
				VALIDATE_PRODUCT = YES;
			};
			name = Release;
		};
		E44364442C1648DC0040D3A7 /* Debug */ = {
			isa = XCBuildConfiguration;
			buildSettings = {
				ASSETCATALOG_COMPILER_APPICON_NAME = AppIcon;
				ASSETCATALOG_COMPILER_GLOBAL_ACCENT_COLOR_NAME = AccentColor;
				CODE_SIGN_STYLE = Automatic;
				CURRENT_PROJECT_VERSION = 1;
				DEVELOPMENT_ASSET_PATHS = "\"MusicPlayer/Preview Content\"";
				DEVELOPMENT_TEAM = BUK8VS7CA6;
				ENABLE_PREVIEWS = YES;
				GENERATE_INFOPLIST_FILE = YES;
				INFOPLIST_FILE = MusicPlayer/Info.plist;
				INFOPLIST_KEY_UIApplicationSceneManifest_Generation = YES;
				INFOPLIST_KEY_UIApplicationSupportsIndirectInputEvents = YES;
				INFOPLIST_KEY_UILaunchScreen_Generation = YES;
				INFOPLIST_KEY_UISupportedInterfaceOrientations_iPad = "UIInterfaceOrientationPortrait UIInterfaceOrientationPortraitUpsideDown UIInterfaceOrientationLandscapeLeft UIInterfaceOrientationLandscapeRight";
				INFOPLIST_KEY_UISupportedInterfaceOrientations_iPhone = "UIInterfaceOrientationPortrait UIInterfaceOrientationLandscapeLeft UIInterfaceOrientationLandscapeRight";
				LD_RUNPATH_SEARCH_PATHS = (
					"$(inherited)",
					"@executable_path/Frameworks",
				);
				MARKETING_VERSION = 1.0;
				PRODUCT_BUNDLE_IDENTIFIER = MusicPlayer.daniilsukhanov.MusicPlayer;
				PRODUCT_NAME = "$(TARGET_NAME)";
				SWIFT_EMIT_LOC_STRINGS = YES;
				SWIFT_STRICT_CONCURRENCY = complete;
				SWIFT_VERSION = 5.0;
				TARGETED_DEVICE_FAMILY = "1,2";
			};
			name = Debug;
		};
		E44364452C1648DC0040D3A7 /* Release */ = {
			isa = XCBuildConfiguration;
			buildSettings = {
				ASSETCATALOG_COMPILER_APPICON_NAME = AppIcon;
				ASSETCATALOG_COMPILER_GLOBAL_ACCENT_COLOR_NAME = AccentColor;
				CODE_SIGN_STYLE = Automatic;
				CURRENT_PROJECT_VERSION = 1;
				DEVELOPMENT_ASSET_PATHS = "\"MusicPlayer/Preview Content\"";
				DEVELOPMENT_TEAM = BUK8VS7CA6;
				ENABLE_PREVIEWS = YES;
				GENERATE_INFOPLIST_FILE = YES;
				INFOPLIST_FILE = MusicPlayer/Info.plist;
				INFOPLIST_KEY_UIApplicationSceneManifest_Generation = YES;
				INFOPLIST_KEY_UIApplicationSupportsIndirectInputEvents = YES;
				INFOPLIST_KEY_UILaunchScreen_Generation = YES;
				INFOPLIST_KEY_UISupportedInterfaceOrientations_iPad = "UIInterfaceOrientationPortrait UIInterfaceOrientationPortraitUpsideDown UIInterfaceOrientationLandscapeLeft UIInterfaceOrientationLandscapeRight";
				INFOPLIST_KEY_UISupportedInterfaceOrientations_iPhone = "UIInterfaceOrientationPortrait UIInterfaceOrientationLandscapeLeft UIInterfaceOrientationLandscapeRight";
				LD_RUNPATH_SEARCH_PATHS = (
					"$(inherited)",
					"@executable_path/Frameworks",
				);
				MARKETING_VERSION = 1.0;
				PRODUCT_BUNDLE_IDENTIFIER = MusicPlayer.daniilsukhanov.MusicPlayer;
				PRODUCT_NAME = "$(TARGET_NAME)";
				SWIFT_EMIT_LOC_STRINGS = YES;
				SWIFT_STRICT_CONCURRENCY = complete;
				SWIFT_VERSION = 5.0;
				TARGETED_DEVICE_FAMILY = "1,2";
			};
			name = Release;
		};
		E44364472C1648DC0040D3A7 /* Debug */ = {
			isa = XCBuildConfiguration;
			buildSettings = {
				ALWAYS_EMBED_SWIFT_STANDARD_LIBRARIES = YES;
				BUNDLE_LOADER = "$(TEST_HOST)";
				CODE_SIGN_STYLE = Automatic;
				CURRENT_PROJECT_VERSION = 1;
				DEVELOPMENT_TEAM = BUK8VS7CA6;
				GENERATE_INFOPLIST_FILE = YES;
				IPHONEOS_DEPLOYMENT_TARGET = 17.5;
				MARKETING_VERSION = 1.0;
				PRODUCT_BUNDLE_IDENTIFIER = MusicPlayer.daniilsukhanov.MusicPlayerTests;
				PRODUCT_NAME = "$(TARGET_NAME)";
				SWIFT_EMIT_LOC_STRINGS = NO;
				SWIFT_VERSION = 5.0;
				TARGETED_DEVICE_FAMILY = "1,2";
				TEST_HOST = "$(BUILT_PRODUCTS_DIR)/MusicPlayer.app/$(BUNDLE_EXECUTABLE_FOLDER_PATH)/MusicPlayer";
			};
			name = Debug;
		};
		E44364482C1648DC0040D3A7 /* Release */ = {
			isa = XCBuildConfiguration;
			buildSettings = {
				ALWAYS_EMBED_SWIFT_STANDARD_LIBRARIES = YES;
				BUNDLE_LOADER = "$(TEST_HOST)";
				CODE_SIGN_STYLE = Automatic;
				CURRENT_PROJECT_VERSION = 1;
				DEVELOPMENT_TEAM = BUK8VS7CA6;
				GENERATE_INFOPLIST_FILE = YES;
				IPHONEOS_DEPLOYMENT_TARGET = 17.5;
				MARKETING_VERSION = 1.0;
				PRODUCT_BUNDLE_IDENTIFIER = MusicPlayer.daniilsukhanov.MusicPlayerTests;
				PRODUCT_NAME = "$(TARGET_NAME)";
				SWIFT_EMIT_LOC_STRINGS = NO;
				SWIFT_VERSION = 5.0;
				TARGETED_DEVICE_FAMILY = "1,2";
				TEST_HOST = "$(BUILT_PRODUCTS_DIR)/MusicPlayer.app/$(BUNDLE_EXECUTABLE_FOLDER_PATH)/MusicPlayer";
			};
			name = Release;
		};
		E443644A2C1648DC0040D3A7 /* Debug */ = {
			isa = XCBuildConfiguration;
			buildSettings = {
				ALWAYS_EMBED_SWIFT_STANDARD_LIBRARIES = YES;
				CODE_SIGN_STYLE = Automatic;
				CURRENT_PROJECT_VERSION = 1;
				DEVELOPMENT_TEAM = BUK8VS7CA6;
				GENERATE_INFOPLIST_FILE = YES;
				MARKETING_VERSION = 1.0;
				PRODUCT_BUNDLE_IDENTIFIER = MusicPlayer.daniilsukhanov.MusicPlayerUITests;
				PRODUCT_NAME = "$(TARGET_NAME)";
				SWIFT_EMIT_LOC_STRINGS = NO;
				SWIFT_VERSION = 5.0;
				TARGETED_DEVICE_FAMILY = "1,2";
				TEST_TARGET_NAME = MusicPlayer;
			};
			name = Debug;
		};
		E443644B2C1648DC0040D3A7 /* Release */ = {
			isa = XCBuildConfiguration;
			buildSettings = {
				ALWAYS_EMBED_SWIFT_STANDARD_LIBRARIES = YES;
				CODE_SIGN_STYLE = Automatic;
				CURRENT_PROJECT_VERSION = 1;
				DEVELOPMENT_TEAM = BUK8VS7CA6;
				GENERATE_INFOPLIST_FILE = YES;
				MARKETING_VERSION = 1.0;
				PRODUCT_BUNDLE_IDENTIFIER = MusicPlayer.daniilsukhanov.MusicPlayerUITests;
				PRODUCT_NAME = "$(TARGET_NAME)";
				SWIFT_EMIT_LOC_STRINGS = NO;
				SWIFT_VERSION = 5.0;
				TARGETED_DEVICE_FAMILY = "1,2";
				TEST_TARGET_NAME = MusicPlayer;
			};
			name = Release;
		};
/* End XCBuildConfiguration section */

/* Begin XCConfigurationList section */
		E44364182C1648D90040D3A7 /* Build configuration list for PBXProject "MusicPlayer" */ = {
			isa = XCConfigurationList;
			buildConfigurations = (
				E44364412C1648DC0040D3A7 /* Debug */,
				E44364422C1648DC0040D3A7 /* Release */,
			);
			defaultConfigurationIsVisible = 0;
			defaultConfigurationName = Release;
		};
		E44364432C1648DC0040D3A7 /* Build configuration list for PBXNativeTarget "MusicPlayer" */ = {
			isa = XCConfigurationList;
			buildConfigurations = (
				E44364442C1648DC0040D3A7 /* Debug */,
				E44364452C1648DC0040D3A7 /* Release */,
			);
			defaultConfigurationIsVisible = 0;
			defaultConfigurationName = Release;
		};
		E44364462C1648DC0040D3A7 /* Build configuration list for PBXNativeTarget "MusicPlayerTests" */ = {
			isa = XCConfigurationList;
			buildConfigurations = (
				E44364472C1648DC0040D3A7 /* Debug */,
				E44364482C1648DC0040D3A7 /* Release */,
			);
			defaultConfigurationIsVisible = 0;
			defaultConfigurationName = Release;
		};
		E44364492C1648DC0040D3A7 /* Build configuration list for PBXNativeTarget "MusicPlayerUITests" */ = {
			isa = XCConfigurationList;
			buildConfigurations = (
				E443644A2C1648DC0040D3A7 /* Debug */,
				E443644B2C1648DC0040D3A7 /* Release */,
			);
			defaultConfigurationIsVisible = 0;
			defaultConfigurationName = Release;
		};
/* End XCConfigurationList section */
	};
	rootObject = E44364152C1648D90040D3A7 /* Project object */;
}
