// !$*UTF8*$!
{
	archiveVersion = 1;
	classes = {
	};
	objectVersion = 56;
	objects = {

/* Begin PBXBuildFile section */
		E44364212C1648D90040D3A7 /* MusicPlayerApp.swift in Sources */ = {isa = PBXBuildFile; fileRef = E44364202C1648D90040D3A7 /* MusicPlayerApp.swift */; };
		E44364232C1648D90040D3A7 /* ContentView.swift in Sources */ = {isa = PBXBuildFile; fileRef = E44364222C1648D90040D3A7 /* ContentView.swift */; };
		E44364252C1648D90040D3A7 /* Item.swift in Sources */ = {isa = PBXBuildFile; fileRef = E44364242C1648D90040D3A7 /* Item.swift */; };
		E44364272C1648DB0040D3A7 /* Assets.xcassets in Resources */ = {isa = PBXBuildFile; fileRef = E44364262C1648DB0040D3A7 /* Assets.xcassets */; };
		E443642A2C1648DB0040D3A7 /* Preview Assets.xcassets in Resources */ = {isa = PBXBuildFile; fileRef = E44364292C1648DB0040D3A7 /* Preview Assets.xcassets */; };
		E44364342C1648DB0040D3A7 /* MusicPlayerTests.swift in Sources */ = {isa = PBXBuildFile; fileRef = E44364332C1648DB0040D3A7 /* MusicPlayerTests.swift */; };
		E443643E2C1648DB0040D3A7 /* MusicPlayerUITests.swift in Sources */ = {isa = PBXBuildFile; fileRef = E443643D2C1648DB0040D3A7 /* MusicPlayerUITests.swift */; };
		E44364402C1648DB0040D3A7 /* MusicPlayerUITestsLaunchTests.swift in Sources */ = {isa = PBXBuildFile; fileRef = E443643F2C1648DB0040D3A7 /* MusicPlayerUITestsLaunchTests.swift */; };
		E443644E2C1654230040D3A7 /* Store.swift in Sources */ = {isa = PBXBuildFile; fileRef = E443644D2C1654230040D3A7 /* Store.swift */; };
		E44364502C1654360040D3A7 /* State.swift in Sources */ = {isa = PBXBuildFile; fileRef = E443644F2C1654360040D3A7 /* State.swift */; };
		E44364522C1657C60040D3A7 /* Reducer.swift in Sources */ = {isa = PBXBuildFile; fileRef = E44364512C1657C60040D3A7 /* Reducer.swift */; };
		E44364542C1657DE0040D3A7 /* Middleware.swift in Sources */ = {isa = PBXBuildFile; fileRef = E44364532C1657DE0040D3A7 /* Middleware.swift */; };
		E44364562C1657EC0040D3A7 /* Action.swift in Sources */ = {isa = PBXBuildFile; fileRef = E44364552C1657EC0040D3A7 /* Action.swift */; };
		E443645B2C165A1E0040D3A7 /* MainPageView.swift in Sources */ = {isa = PBXBuildFile; fileRef = E443645A2C165A1E0040D3A7 /* MainPageView.swift */; };
		E443645E2C165AAB0040D3A7 /* NetworkingProtocol.swift in Sources */ = {isa = PBXBuildFile; fileRef = E443645D2C165AAA0040D3A7 /* NetworkingProtocol.swift */; };
		E44364632C165DF20040D3A7 /* MusicServiceProtocol.swift in Sources */ = {isa = PBXBuildFile; fileRef = E44364622C165DF20040D3A7 /* MusicServiceProtocol.swift */; };
/* End PBXBuildFile section */

/* Begin PBXContainerItemProxy section */
		E44364302C1648DB0040D3A7 /* PBXContainerItemProxy */ = {
			isa = PBXContainerItemProxy;
			containerPortal = E44364152C1648D90040D3A7 /* Project object */;
			proxyType = 1;
			remoteGlobalIDString = E443641C2C1648D90040D3A7;
			remoteInfo = MusicPlayer;
		};
		E443643A2C1648DB0040D3A7 /* PBXContainerItemProxy */ = {
			isa = PBXContainerItemProxy;
			containerPortal = E44364152C1648D90040D3A7 /* Project object */;
			proxyType = 1;
			remoteGlobalIDString = E443641C2C1648D90040D3A7;
			remoteInfo = MusicPlayer;
		};
/* End PBXContainerItemProxy section */

/* Begin PBXFileReference section */
		E443641D2C1648D90040D3A7 /* MusicPlayer.app */ = {isa = PBXFileReference; explicitFileType = wrapper.application; includeInIndex = 0; path = MusicPlayer.app; sourceTree = BUILT_PRODUCTS_DIR; };
		E44364202C1648D90040D3A7 /* MusicPlayerApp.swift */ = {isa = PBXFileReference; lastKnownFileType = sourcecode.swift; path = MusicPlayerApp.swift; sourceTree = "<group>"; };
		E44364222C1648D90040D3A7 /* ContentView.swift */ = {isa = PBXFileReference; lastKnownFileType = sourcecode.swift; path = ContentView.swift; sourceTree = "<group>"; };
		E44364242C1648D90040D3A7 /* Item.swift */ = {isa = PBXFileReference; lastKnownFileType = sourcecode.swift; path = Item.swift; sourceTree = "<group>"; };
		E44364262C1648DB0040D3A7 /* Assets.xcassets */ = {isa = PBXFileReference; lastKnownFileType = folder.assetcatalog; path = Assets.xcassets; sourceTree = "<group>"; };
		E44364292C1648DB0040D3A7 /* Preview Assets.xcassets */ = {isa = PBXFileReference; lastKnownFileType = folder.assetcatalog; path = "Preview Assets.xcassets"; sourceTree = "<group>"; };
		E443642F2C1648DB0040D3A7 /* MusicPlayerTests.xctest */ = {isa = PBXFileReference; explicitFileType = wrapper.cfbundle; includeInIndex = 0; path = MusicPlayerTests.xctest; sourceTree = BUILT_PRODUCTS_DIR; };
		E44364332C1648DB0040D3A7 /* MusicPlayerTests.swift */ = {isa = PBXFileReference; lastKnownFileType = sourcecode.swift; path = MusicPlayerTests.swift; sourceTree = "<group>"; };
		E44364392C1648DB0040D3A7 /* MusicPlayerUITests.xctest */ = {isa = PBXFileReference; explicitFileType = wrapper.cfbundle; includeInIndex = 0; path = MusicPlayerUITests.xctest; sourceTree = BUILT_PRODUCTS_DIR; };
		E443643D2C1648DB0040D3A7 /* MusicPlayerUITests.swift */ = {isa = PBXFileReference; lastKnownFileType = sourcecode.swift; path = MusicPlayerUITests.swift; sourceTree = "<group>"; };
		E443643F2C1648DB0040D3A7 /* MusicPlayerUITestsLaunchTests.swift */ = {isa = PBXFileReference; lastKnownFileType = sourcecode.swift; path = MusicPlayerUITestsLaunchTests.swift; sourceTree = "<group>"; };
		E443644D2C1654230040D3A7 /* Store.swift */ = {isa = PBXFileReference; lastKnownFileType = sourcecode.swift; path = Store.swift; sourceTree = "<group>"; };
		E443644F2C1654360040D3A7 /* State.swift */ = {isa = PBXFileReference; lastKnownFileType = sourcecode.swift; path = State.swift; sourceTree = "<group>"; };
		E44364512C1657C60040D3A7 /* Reducer.swift */ = {isa = PBXFileReference; lastKnownFileType = sourcecode.swift; path = Reducer.swift; sourceTree = "<group>"; };
		E44364532C1657DE0040D3A7 /* Middleware.swift */ = {isa = PBXFileReference; lastKnownFileType = sourcecode.swift; path = Middleware.swift; sourceTree = "<group>"; };
		E44364552C1657EC0040D3A7 /* Action.swift */ = {isa = PBXFileReference; lastKnownFileType = sourcecode.swift; path = Action.swift; sourceTree = "<group>"; };
		E443645A2C165A1E0040D3A7 /* MainPageView.swift */ = {isa = PBXFileReference; lastKnownFileType = sourcecode.swift; path = MainPageView.swift; sourceTree = "<group>"; };
		E443645D2C165AAA0040D3A7 /* NetworkingProtocol.swift */ = {isa = PBXFileReference; lastKnownFileType = sourcecode.swift; path = NetworkingProtocol.swift; sourceTree = "<group>"; };
		E44364622C165DF20040D3A7 /* MusicServiceProtocol.swift */ = {isa = PBXFileReference; lastKnownFileType = sourcecode.swift; path = MusicServiceProtocol.swift; sourceTree = "<group>"; };
/* End PBXFileReference section */

/* Begin PBXFrameworksBuildPhase section */
		E443641A2C1648D90040D3A7 /* Frameworks */ = {
			isa = PBXFrameworksBuildPhase;
			buildActionMask = 2147483647;
			files = (
			);
			runOnlyForDeploymentPostprocessing = 0;
		};
		E443642C2C1648DB0040D3A7 /* Frameworks */ = {
			isa = PBXFrameworksBuildPhase;
			buildActionMask = 2147483647;
			files = (
			);
			runOnlyForDeploymentPostprocessing = 0;
		};
		E44364362C1648DB0040D3A7 /* Frameworks */ = {
			isa = PBXFrameworksBuildPhase;
			buildActionMask = 2147483647;
			files = (
			);
			runOnlyForDeploymentPostprocessing = 0;
		};
/* End PBXFrameworksBuildPhase section */

/* Begin PBXGroup section */
		E44364142C1648D90040D3A7 = {
			isa = PBXGroup;
			children = (
				E443641F2C1648D90040D3A7 /* MusicPlayer */,
				E44364322C1648DB0040D3A7 /* MusicPlayerTests */,
				E443643C2C1648DB0040D3A7 /* MusicPlayerUITests */,
				E443641E2C1648D90040D3A7 /* Products */,
			);
			sourceTree = "<group>";
		};
		E443641E2C1648D90040D3A7 /* Products */ = {
			isa = PBXGroup;
			children = (
				E443641D2C1648D90040D3A7 /* MusicPlayer.app */,
				E443642F2C1648DB0040D3A7 /* MusicPlayerTests.xctest */,
				E44364392C1648DB0040D3A7 /* MusicPlayerUITests.xctest */,
			);
			name = Products;
			sourceTree = "<group>";
		};
		E443641F2C1648D90040D3A7 /* MusicPlayer */ = {
			isa = PBXGroup;
			children = (
				E443645C2C165A470040D3A7 /* Services */,
				E44364572C1659260040D3A7 /* Components */,
				E443644C2C1653FE0040D3A7 /* Redux */,
				E44364202C1648D90040D3A7 /* MusicPlayerApp.swift */,
				E44364222C1648D90040D3A7 /* ContentView.swift */,
				E44364242C1648D90040D3A7 /* Item.swift */,
				E44364262C1648DB0040D3A7 /* Assets.xcassets */,
				E44364282C1648DB0040D3A7 /* Preview Content */,
			);
			path = MusicPlayer;
			sourceTree = "<group>";
		};
		E44364282C1648DB0040D3A7 /* Preview Content */ = {
			isa = PBXGroup;
			children = (
				E44364292C1648DB0040D3A7 /* Preview Assets.xcassets */,
			);
			path = "Preview Content";
			sourceTree = "<group>";
		};
		E44364322C1648DB0040D3A7 /* MusicPlayerTests */ = {
			isa = PBXGroup;
			children = (
				E44364332C1648DB0040D3A7 /* MusicPlayerTests.swift */,
			);
			path = MusicPlayerTests;
			sourceTree = "<group>";
		};
		E443643C2C1648DB0040D3A7 /* MusicPlayerUITests */ = {
			isa = PBXGroup;
			children = (
				E443643D2C1648DB0040D3A7 /* MusicPlayerUITests.swift */,
				E443643F2C1648DB0040D3A7 /* MusicPlayerUITestsLaunchTests.swift */,
			);
			path = MusicPlayerUITests;
			sourceTree = "<group>";
		};
		E443644C2C1653FE0040D3A7 /* Redux */ = {
			isa = PBXGroup;
			children = (
				E443644D2C1654230040D3A7 /* Store.swift */,
				E443644F2C1654360040D3A7 /* State.swift */,
				E44364512C1657C60040D3A7 /* Reducer.swift */,
				E44364532C1657DE0040D3A7 /* Middleware.swift */,
				E44364552C1657EC0040D3A7 /* Action.swift */,
			);
			path = Redux;
			sourceTree = "<group>";
		};
		E44364572C1659260040D3A7 /* Components */ = {
			isa = PBXGroup;
			children = (
				E44364592C1659630040D3A7 /* MainPage */,
			);
			path = Components;
			sourceTree = "<group>";
		};
		E44364592C1659630040D3A7 /* MainPage */ = {
			isa = PBXGroup;
			children = (
				E443645A2C165A1E0040D3A7 /* MainPageView.swift */,
			);
			path = MainPage;
			sourceTree = "<group>";
		};
		E443645C2C165A470040D3A7 /* Services */ = {
			isa = PBXGroup;
			children = (
				E443645F2C165DC60040D3A7 /* MusicService */,
				E443645D2C165AAA0040D3A7 /* NetworkingProtocol.swift */,
			);
			path = Services;
			sourceTree = "<group>";
		};
		E443645F2C165DC60040D3A7 /* MusicService */ = {
			isa = PBXGroup;
			children = (
				E44364622C165DF20040D3A7 /* MusicServiceProtocol.swift */,
			);
			path = MusicService;
			sourceTree = "<group>";
		};
/* End PBXGroup section */

/* Begin PBXNativeTarget section */
		E443641C2C1648D90040D3A7 /* MusicPlayer */ = {
			isa = PBXNativeTarget;
			buildConfigurationList = E44364432C1648DC0040D3A7 /* Build configuration list for PBXNativeTarget "MusicPlayer" */;
			buildPhases = (
				E44364192C1648D90040D3A7 /* Sources */,
				E443641A2C1648D90040D3A7 /* Frameworks */,
				E443641B2C1648D90040D3A7 /* Resources */,
			);
			buildRules = (
			);
			dependencies = (
			);
			name = MusicPlayer;
			productName = MusicPlayer;
			productReference = E443641D2C1648D90040D3A7 /* MusicPlayer.app */;
			productType = "com.apple.product-type.application";
		};
		E443642E2C1648DB0040D3A7 /* MusicPlayerTests */ = {
			isa = PBXNativeTarget;
			buildConfigurationList = E44364462C1648DC0040D3A7 /* Build configuration list for PBXNativeTarget "MusicPlayerTests" */;
			buildPhases = (
				E443642B2C1648DB0040D3A7 /* Sources */,
				E443642C2C1648DB0040D3A7 /* Frameworks */,
				E443642D2C1648DB0040D3A7 /* Resources */,
			);
			buildRules = (
			);
			dependencies = (
				E44364312C1648DB0040D3A7 /* PBXTargetDependency */,
			);
			name = MusicPlayerTests;
			productName = MusicPlayerTests;
			productReference = E443642F2C1648DB0040D3A7 /* MusicPlayerTests.xctest */;
			productType = "com.apple.product-type.bundle.unit-test";
		};
		E44364382C1648DB0040D3A7 /* MusicPlayerUITests */ = {
			isa = PBXNativeTarget;
			buildConfigurationList = E44364492C1648DC0040D3A7 /* Build configuration list for PBXNativeTarget "MusicPlayerUITests" */;
			buildPhases = (
				E44364352C1648DB0040D3A7 /* Sources */,
				E44364362C1648DB0040D3A7 /* Frameworks */,
				E44364372C1648DB0040D3A7 /* Resources */,
			);
			buildRules = (
			);
			dependencies = (
				E443643B2C1648DB0040D3A7 /* PBXTargetDependency */,
			);
			name = MusicPlayerUITests;
			productName = MusicPlayerUITests;
			productReference = E44364392C1648DB0040D3A7 /* MusicPlayerUITests.xctest */;
			productType = "com.apple.product-type.bundle.ui-testing";
		};
/* End PBXNativeTarget section */

/* Begin PBXProject section */
		E44364152C1648D90040D3A7 /* Project object */ = {
			isa = PBXProject;
			attributes = {
				BuildIndependentTargetsInParallel = 1;
				LastSwiftUpdateCheck = 1540;
				LastUpgradeCheck = 1540;
				TargetAttributes = {
					E443641C2C1648D90040D3A7 = {
						CreatedOnToolsVersion = 15.4;
					};
					E443642E2C1648DB0040D3A7 = {
						CreatedOnToolsVersion = 15.4;
						TestTargetID = E443641C2C1648D90040D3A7;
					};
					E44364382C1648DB0040D3A7 = {
						CreatedOnToolsVersion = 15.4;
						TestTargetID = E443641C2C1648D90040D3A7;
					};
				};
			};
			buildConfigurationList = E44364182C1648D90040D3A7 /* Build configuration list for PBXProject "MusicPlayer" */;
			compatibilityVersion = "Xcode 14.0";
			developmentRegion = en;
			hasScannedForEncodings = 0;
			knownRegions = (
				en,
				Base,
			);
			mainGroup = E44364142C1648D90040D3A7;
			productRefGroup = E443641E2C1648D90040D3A7 /* Products */;
			projectDirPath = "";
			projectRoot = "";
			targets = (
				E443641C2C1648D90040D3A7 /* MusicPlayer */,
				E443642E2C1648DB0040D3A7 /* MusicPlayerTests */,
				E44364382C1648DB0040D3A7 /* MusicPlayerUITests */,
			);
		};
/* End PBXProject section */

/* Begin PBXResourcesBuildPhase section */
		E443641B2C1648D90040D3A7 /* Resources */ = {
			isa = PBXResourcesBuildPhase;
			buildActionMask = 2147483647;
			files = (
				E443642A2C1648DB0040D3A7 /* Preview Assets.xcassets in Resources */,
				E44364272C1648DB0040D3A7 /* Assets.xcassets in Resources */,
			);
			runOnlyForDeploymentPostprocessing = 0;
		};
		E443642D2C1648DB0040D3A7 /* Resources */ = {
			isa = PBXResourcesBuildPhase;
			buildActionMask = 2147483647;
			files = (
			);
			runOnlyForDeploymentPostprocessing = 0;
		};
		E44364372C1648DB0040D3A7 /* Resources */ = {
			isa = PBXResourcesBuildPhase;
			buildActionMask = 2147483647;
			files = (
			);
			runOnlyForDeploymentPostprocessing = 0;
		};
/* End PBXResourcesBuildPhase section */

/* Begin PBXSourcesBuildPhase section */
		E44364192C1648D90040D3A7 /* Sources */ = {
			isa = PBXSourcesBuildPhase;
			buildActionMask = 2147483647;
			files = (
				E44364232C1648D90040D3A7 /* ContentView.swift in Sources */,
				E44364252C1648D90040D3A7 /* Item.swift in Sources */,
				E44364522C1657C60040D3A7 /* Reducer.swift in Sources */,
				E443645E2C165AAB0040D3A7 /* NetworkingProtocol.swift in Sources */,
				E44364212C1648D90040D3A7 /* MusicPlayerApp.swift in Sources */,
				E44364502C1654360040D3A7 /* State.swift in Sources */,
				E44364562C1657EC0040D3A7 /* Action.swift in Sources */,
				E443644E2C1654230040D3A7 /* Store.swift in Sources */,
				E44364542C1657DE0040D3A7 /* Middleware.swift in Sources */,
				E44364632C165DF20040D3A7 /* MusicServiceProtocol.swift in Sources */,
				E443645B2C165A1E0040D3A7 /* MainPageView.swift in Sources */,
			);
			runOnlyForDeploymentPostprocessing = 0;
		};
		E443642B2C1648DB0040D3A7 /* Sources */ = {
			isa = PBXSourcesBuildPhase;
			buildActionMask = 2147483647;
			files = (
				E44364342C1648DB0040D3A7 /* MusicPlayerTests.swift in Sources */,
			);
			runOnlyForDeploymentPostprocessing = 0;
		};
		E44364352C1648DB0040D3A7 /* Sources */ = {
			isa = PBXSourcesBuildPhase;
			buildActionMask = 2147483647;
			files = (
				E443643E2C1648DB0040D3A7 /* MusicPlayerUITests.swift in Sources */,
				E44364402C1648DB0040D3A7 /* MusicPlayerUITestsLaunchTests.swift in Sources */,
			);
			runOnlyForDeploymentPostprocessing = 0;
		};
/* End PBXSourcesBuildPhase section */

/* Begin PBXTargetDependency section */
		E44364312C1648DB0040D3A7 /* PBXTargetDependency */ = {
			isa = PBXTargetDependency;
			target = E443641C2C1648D90040D3A7 /* MusicPlayer */;
			targetProxy = E44364302C1648DB0040D3A7 /* PBXContainerItemProxy */;
		};
		E443643B2C1648DB0040D3A7 /* PBXTargetDependency */ = {
			isa = PBXTargetDependency;
			target = E443641C2C1648D90040D3A7 /* MusicPlayer */;
			targetProxy = E443643A2C1648DB0040D3A7 /* PBXContainerItemProxy */;
		};
/* End PBXTargetDependency section */

/* Begin XCBuildConfiguration section */
		E44364412C1648DC0040D3A7 /* Debug */ = {
			isa = XCBuildConfiguration;
			buildSettings = {
				ALWAYS_SEARCH_USER_PATHS = NO;
				ASSETCATALOG_COMPILER_GENERATE_SWIFT_ASSET_SYMBOL_EXTENSIONS = YES;
				CLANG_ANALYZER_NONNULL = YES;
				CLANG_ANALYZER_NUMBER_OBJECT_CONVERSION = YES_AGGRESSIVE;
				CLANG_CXX_LANGUAGE_STANDARD = "gnu++20";
				CLANG_ENABLE_MODULES = YES;
				CLANG_ENABLE_OBJC_ARC = YES;
				CLANG_ENABLE_OBJC_WEAK = YES;
				CLANG_WARN_BLOCK_CAPTURE_AUTORELEASING = YES;
				CLANG_WARN_BOOL_CONVERSION = YES;
				CLANG_WARN_COMMA = YES;
				CLANG_WARN_CONSTANT_CONVERSION = YES;
				CLANG_WARN_DEPRECATED_OBJC_IMPLEMENTATIONS = YES;
				CLANG_WARN_DIRECT_OBJC_ISA_USAGE = YES_ERROR;
				CLANG_WARN_DOCUMENTATION_COMMENTS = YES;
				CLANG_WARN_EMPTY_BODY = YES;
				CLANG_WARN_ENUM_CONVERSION = YES;
				CLANG_WARN_INFINITE_RECURSION = YES;
				CLANG_WARN_INT_CONVERSION = YES;
				CLANG_WARN_NON_LITERAL_NULL_CONVERSION = YES;
				CLANG_WARN_OBJC_IMPLICIT_RETAIN_SELF = YES;
				CLANG_WARN_OBJC_LITERAL_CONVERSION = YES;
				CLANG_WARN_OBJC_ROOT_CLASS = YES_ERROR;
				CLANG_WARN_QUOTED_INCLUDE_IN_FRAMEWORK_HEADER = YES;
				CLANG_WARN_RANGE_LOOP_ANALYSIS = YES;
				CLANG_WARN_STRICT_PROTOTYPES = YES;
				CLANG_WARN_SUSPICIOUS_MOVE = YES;
				CLANG_WARN_UNGUARDED_AVAILABILITY = YES_AGGRESSIVE;
				CLANG_WARN_UNREACHABLE_CODE = YES;
				CLANG_WARN__DUPLICATE_METHOD_MATCH = YES;
				COPY_PHASE_STRIP = NO;
				DEBUG_INFORMATION_FORMAT = dwarf;
				ENABLE_STRICT_OBJC_MSGSEND = YES;
				ENABLE_TESTABILITY = YES;
				ENABLE_USER_SCRIPT_SANDBOXING = YES;
				GCC_C_LANGUAGE_STANDARD = gnu17;
				GCC_DYNAMIC_NO_PIC = NO;
				GCC_NO_COMMON_BLOCKS = YES;
				GCC_OPTIMIZATION_LEVEL = 0;
				GCC_PREPROCESSOR_DEFINITIONS = (
					"DEBUG=1",
					"$(inherited)",
				);
				GCC_WARN_64_TO_32_BIT_CONVERSION = YES;
				GCC_WARN_ABOUT_RETURN_TYPE = YES_ERROR;
				GCC_WARN_UNDECLARED_SELECTOR = YES;
				GCC_WARN_UNINITIALIZED_AUTOS = YES_AGGRESSIVE;
				GCC_WARN_UNUSED_FUNCTION = YES;
				GCC_WARN_UNUSED_VARIABLE = YES;
				IPHONEOS_DEPLOYMENT_TARGET = 17.5;
				LOCALIZATION_PREFERS_STRING_CATALOGS = YES;
				MTL_ENABLE_DEBUG_INFO = INCLUDE_SOURCE;
				MTL_FAST_MATH = YES;
				ONLY_ACTIVE_ARCH = YES;
				SDKROOT = iphoneos;
				SWIFT_ACTIVE_COMPILATION_CONDITIONS = "DEBUG $(inherited)";
				SWIFT_OPTIMIZATION_LEVEL = "-Onone";
			};
			name = Debug;
		};
		E44364422C1648DC0040D3A7 /* Release */ = {
			isa = XCBuildConfiguration;
			buildSettings = {
				ALWAYS_SEARCH_USER_PATHS = NO;
				ASSETCATALOG_COMPILER_GENERATE_SWIFT_ASSET_SYMBOL_EXTENSIONS = YES;
				CLANG_ANALYZER_NONNULL = YES;
				CLANG_ANALYZER_NUMBER_OBJECT_CONVERSION = YES_AGGRESSIVE;
				CLANG_CXX_LANGUAGE_STANDARD = "gnu++20";
				CLANG_ENABLE_MODULES = YES;
				CLANG_ENABLE_OBJC_ARC = YES;
				CLANG_ENABLE_OBJC_WEAK = YES;
				CLANG_WARN_BLOCK_CAPTURE_AUTORELEASING = YES;
				CLANG_WARN_BOOL_CONVERSION = YES;
				CLANG_WARN_COMMA = YES;
				CLANG_WARN_CONSTANT_CONVERSION = YES;
				CLANG_WARN_DEPRECATED_OBJC_IMPLEMENTATIONS = YES;
				CLANG_WARN_DIRECT_OBJC_ISA_USAGE = YES_ERROR;
				CLANG_WARN_DOCUMENTATION_COMMENTS = YES;
				CLANG_WARN_EMPTY_BODY = YES;
				CLANG_WARN_ENUM_CONVERSION = YES;
				CLANG_WARN_INFINITE_RECURSION = YES;
				CLANG_WARN_INT_CONVERSION = YES;
				CLANG_WARN_NON_LITERAL_NULL_CONVERSION = YES;
				CLANG_WARN_OBJC_IMPLICIT_RETAIN_SELF = YES;
				CLANG_WARN_OBJC_LITERAL_CONVERSION = YES;
				CLANG_WARN_OBJC_ROOT_CLASS = YES_ERROR;
				CLANG_WARN_QUOTED_INCLUDE_IN_FRAMEWORK_HEADER = YES;
				CLANG_WARN_RANGE_LOOP_ANALYSIS = YES;
				CLANG_WARN_STRICT_PROTOTYPES = YES;
				CLANG_WARN_SUSPICIOUS_MOVE = YES;
				CLANG_WARN_UNGUARDED_AVAILABILITY = YES_AGGRESSIVE;
				CLANG_WARN_UNREACHABLE_CODE = YES;
				CLANG_WARN__DUPLICATE_METHOD_MATCH = YES;
				COPY_PHASE_STRIP = NO;
				DEBUG_INFORMATION_FORMAT = "dwarf-with-dsym";
				ENABLE_NS_ASSERTIONS = NO;
				ENABLE_STRICT_OBJC_MSGSEND = YES;
				ENABLE_USER_SCRIPT_SANDBOXING = YES;
				GCC_C_LANGUAGE_STANDARD = gnu17;
				GCC_NO_COMMON_BLOCKS = YES;
				GCC_WARN_64_TO_32_BIT_CONVERSION = YES;
				GCC_WARN_ABOUT_RETURN_TYPE = YES_ERROR;
				GCC_WARN_UNDECLARED_SELECTOR = YES;
				GCC_WARN_UNINITIALIZED_AUTOS = YES_AGGRESSIVE;
				GCC_WARN_UNUSED_FUNCTION = YES;
				GCC_WARN_UNUSED_VARIABLE = YES;
				IPHONEOS_DEPLOYMENT_TARGET = 17.5;
				LOCALIZATION_PREFERS_STRING_CATALOGS = YES;
				MTL_ENABLE_DEBUG_INFO = NO;
				MTL_FAST_MATH = YES;
				SDKROOT = iphoneos;
				SWIFT_COMPILATION_MODE = wholemodule;
				VALIDATE_PRODUCT = YES;
			};
			name = Release;
		};
		E44364442C1648DC0040D3A7 /* Debug */ = {
			isa = XCBuildConfiguration;
			buildSettings = {
				ASSETCATALOG_COMPILER_APPICON_NAME = AppIcon;
				ASSETCATALOG_COMPILER_GLOBAL_ACCENT_COLOR_NAME = AccentColor;
				CODE_SIGN_STYLE = Automatic;
				CURRENT_PROJECT_VERSION = 1;
				DEVELOPMENT_ASSET_PATHS = "\"MusicPlayer/Preview Content\"";
				DEVELOPMENT_TEAM = BUK8VS7CA6;
				ENABLE_PREVIEWS = YES;
				GENERATE_INFOPLIST_FILE = YES;
				INFOPLIST_KEY_UIApplicationSceneManifest_Generation = YES;
				INFOPLIST_KEY_UIApplicationSupportsIndirectInputEvents = YES;
				INFOPLIST_KEY_UILaunchScreen_Generation = YES;
				INFOPLIST_KEY_UISupportedInterfaceOrientations_iPad = "UIInterfaceOrientationPortrait UIInterfaceOrientationPortraitUpsideDown UIInterfaceOrientationLandscapeLeft UIInterfaceOrientationLandscapeRight";
				INFOPLIST_KEY_UISupportedInterfaceOrientations_iPhone = "UIInterfaceOrientationPortrait UIInterfaceOrientationLandscapeLeft UIInterfaceOrientationLandscapeRight";
				LD_RUNPATH_SEARCH_PATHS = (
					"$(inherited)",
					"@executable_path/Frameworks",
				);
				MARKETING_VERSION = 1.0;
				PRODUCT_BUNDLE_IDENTIFIER = MusicPlayer.daniilsukhanov.MusicPlayer;
				PRODUCT_NAME = "$(TARGET_NAME)";
				SWIFT_EMIT_LOC_STRINGS = YES;
				SWIFT_VERSION = 5.0;
				TARGETED_DEVICE_FAMILY = "1,2";
			};
			name = Debug;
		};
		E44364452C1648DC0040D3A7 /* Release */ = {
			isa = XCBuildConfiguration;
			buildSettings = {
				ASSETCATALOG_COMPILER_APPICON_NAME = AppIcon;
				ASSETCATALOG_COMPILER_GLOBAL_ACCENT_COLOR_NAME = AccentColor;
				CODE_SIGN_STYLE = Automatic;
				CURRENT_PROJECT_VERSION = 1;
				DEVELOPMENT_ASSET_PATHS = "\"MusicPlayer/Preview Content\"";
				DEVELOPMENT_TEAM = BUK8VS7CA6;
				ENABLE_PREVIEWS = YES;
				GENERATE_INFOPLIST_FILE = YES;
				INFOPLIST_KEY_UIApplicationSceneManifest_Generation = YES;
				INFOPLIST_KEY_UIApplicationSupportsIndirectInputEvents = YES;
				INFOPLIST_KEY_UILaunchScreen_Generation = YES;
				INFOPLIST_KEY_UISupportedInterfaceOrientations_iPad = "UIInterfaceOrientationPortrait UIInterfaceOrientationPortraitUpsideDown UIInterfaceOrientationLandscapeLeft UIInterfaceOrientationLandscapeRight";
				INFOPLIST_KEY_UISupportedInterfaceOrientations_iPhone = "UIInterfaceOrientationPortrait UIInterfaceOrientationLandscapeLeft UIInterfaceOrientationLandscapeRight";
				LD_RUNPATH_SEARCH_PATHS = (
					"$(inherited)",
					"@executable_path/Frameworks",
				);
				MARKETING_VERSION = 1.0;
				PRODUCT_BUNDLE_IDENTIFIER = MusicPlayer.daniilsukhanov.MusicPlayer;
				PRODUCT_NAME = "$(TARGET_NAME)";
				SWIFT_EMIT_LOC_STRINGS = YES;
				SWIFT_VERSION = 5.0;
				TARGETED_DEVICE_FAMILY = "1,2";
			};
			name = Release;
		};
		E44364472C1648DC0040D3A7 /* Debug */ = {
			isa = XCBuildConfiguration;
			buildSettings = {
				ALWAYS_EMBED_SWIFT_STANDARD_LIBRARIES = YES;
				BUNDLE_LOADER = "$(TEST_HOST)";
				CODE_SIGN_STYLE = Automatic;
				CURRENT_PROJECT_VERSION = 1;
				DEVELOPMENT_TEAM = BUK8VS7CA6;
				GENERATE_INFOPLIST_FILE = YES;
				IPHONEOS_DEPLOYMENT_TARGET = 17.5;
				MARKETING_VERSION = 1.0;
				PRODUCT_BUNDLE_IDENTIFIER = MusicPlayer.daniilsukhanov.MusicPlayerTests;
				PRODUCT_NAME = "$(TARGET_NAME)";
				SWIFT_EMIT_LOC_STRINGS = NO;
				SWIFT_VERSION = 5.0;
				TARGETED_DEVICE_FAMILY = "1,2";
				TEST_HOST = "$(BUILT_PRODUCTS_DIR)/MusicPlayer.app/$(BUNDLE_EXECUTABLE_FOLDER_PATH)/MusicPlayer";
			};
			name = Debug;
		};
		E44364482C1648DC0040D3A7 /* Release */ = {
			isa = XCBuildConfiguration;
			buildSettings = {
				ALWAYS_EMBED_SWIFT_STANDARD_LIBRARIES = YES;
				BUNDLE_LOADER = "$(TEST_HOST)";
				CODE_SIGN_STYLE = Automatic;
				CURRENT_PROJECT_VERSION = 1;
				DEVELOPMENT_TEAM = BUK8VS7CA6;
				GENERATE_INFOPLIST_FILE = YES;
				IPHONEOS_DEPLOYMENT_TARGET = 17.5;
				MARKETING_VERSION = 1.0;
				PRODUCT_BUNDLE_IDENTIFIER = MusicPlayer.daniilsukhanov.MusicPlayerTests;
				PRODUCT_NAME = "$(TARGET_NAME)";
				SWIFT_EMIT_LOC_STRINGS = NO;
				SWIFT_VERSION = 5.0;
				TARGETED_DEVICE_FAMILY = "1,2";
				TEST_HOST = "$(BUILT_PRODUCTS_DIR)/MusicPlayer.app/$(BUNDLE_EXECUTABLE_FOLDER_PATH)/MusicPlayer";
			};
			name = Release;
		};
		E443644A2C1648DC0040D3A7 /* Debug */ = {
			isa = XCBuildConfiguration;
			buildSettings = {
				ALWAYS_EMBED_SWIFT_STANDARD_LIBRARIES = YES;
				CODE_SIGN_STYLE = Automatic;
				CURRENT_PROJECT_VERSION = 1;
				DEVELOPMENT_TEAM = BUK8VS7CA6;
				GENERATE_INFOPLIST_FILE = YES;
				MARKETING_VERSION = 1.0;
				PRODUCT_BUNDLE_IDENTIFIER = MusicPlayer.daniilsukhanov.MusicPlayerUITests;
				PRODUCT_NAME = "$(TARGET_NAME)";
				SWIFT_EMIT_LOC_STRINGS = NO;
				SWIFT_VERSION = 5.0;
				TARGETED_DEVICE_FAMILY = "1,2";
				TEST_TARGET_NAME = MusicPlayer;
			};
			name = Debug;
		};
		E443644B2C1648DC0040D3A7 /* Release */ = {
			isa = XCBuildConfiguration;
			buildSettings = {
				ALWAYS_EMBED_SWIFT_STANDARD_LIBRARIES = YES;
				CODE_SIGN_STYLE = Automatic;
				CURRENT_PROJECT_VERSION = 1;
				DEVELOPMENT_TEAM = BUK8VS7CA6;
				GENERATE_INFOPLIST_FILE = YES;
				MARKETING_VERSION = 1.0;
				PRODUCT_BUNDLE_IDENTIFIER = MusicPlayer.daniilsukhanov.MusicPlayerUITests;
				PRODUCT_NAME = "$(TARGET_NAME)";
				SWIFT_EMIT_LOC_STRINGS = NO;
				SWIFT_VERSION = 5.0;
				TARGETED_DEVICE_FAMILY = "1,2";
				TEST_TARGET_NAME = MusicPlayer;
			};
			name = Release;
		};
/* End XCBuildConfiguration section */

/* Begin XCConfigurationList section */
		E44364182C1648D90040D3A7 /* Build configuration list for PBXProject "MusicPlayer" */ = {
			isa = XCConfigurationList;
			buildConfigurations = (
				E44364412C1648DC0040D3A7 /* Debug */,
				E44364422C1648DC0040D3A7 /* Release */,
			);
			defaultConfigurationIsVisible = 0;
			defaultConfigurationName = Release;
		};
		E44364432C1648DC0040D3A7 /* Build configuration list for PBXNativeTarget "MusicPlayer" */ = {
			isa = XCConfigurationList;
			buildConfigurations = (
				E44364442C1648DC0040D3A7 /* Debug */,
				E44364452C1648DC0040D3A7 /* Release */,
			);
			defaultConfigurationIsVisible = 0;
			defaultConfigurationName = Release;
		};
		E44364462C1648DC0040D3A7 /* Build configuration list for PBXNativeTarget "MusicPlayerTests" */ = {
			isa = XCConfigurationList;
			buildConfigurations = (
				E44364472C1648DC0040D3A7 /* Debug */,
				E44364482C1648DC0040D3A7 /* Release */,
			);
			defaultConfigurationIsVisible = 0;
			defaultConfigurationName = Release;
		};
		E44364492C1648DC0040D3A7 /* Build configuration list for PBXNativeTarget "MusicPlayerUITests" */ = {
			isa = XCConfigurationList;
			buildConfigurations = (
				E443644A2C1648DC0040D3A7 /* Debug */,
				E443644B2C1648DC0040D3A7 /* Release */,
			);
			defaultConfigurationIsVisible = 0;
			defaultConfigurationName = Release;
		};
/* End XCConfigurationList section */
	};
	rootObject = E44364152C1648D90040D3A7 /* Project object */;
}
